// !$*UTF8*$!
{
	archiveVersion = 1;
	classes = {
	};
	objectVersion = 50;
	objects = {

/* Begin PBXBuildFile section */
		3FDD3A3127D8B90100D9B2FB /* AppDelegate.swift in Sources */ = {isa = PBXBuildFile; fileRef = 3FDD3A3027D8B90100D9B2FB /* AppDelegate.swift */; };
		3FDD3A3327D8B90100D9B2FB /* SceneDelegate.swift in Sources */ = {isa = PBXBuildFile; fileRef = 3FDD3A3227D8B90100D9B2FB /* SceneDelegate.swift */; };
		3FDD3A3527D8B90100D9B2FB /* ViewController.swift in Sources */ = {isa = PBXBuildFile; fileRef = 3FDD3A3427D8B90100D9B2FB /* ViewController.swift */; };
		3FDD3A3827D8B90200D9B2FB /* Main.storyboard in Resources */ = {isa = PBXBuildFile; fileRef = 3FDD3A3627D8B90200D9B2FB /* Main.storyboard */; };
		3FDD3A3A27D8B90F00D9B2FB /* Assets.xcassets in Resources */ = {isa = PBXBuildFile; fileRef = 3FDD3A3927D8B90F00D9B2FB /* Assets.xcassets */; };
		3FDD3A3D27D8B90F00D9B2FB /* LaunchScreen.storyboard in Resources */ = {isa = PBXBuildFile; fileRef = 3FDD3A3B27D8B90F00D9B2FB /* LaunchScreen.storyboard */; };
		3FDD3A4827D8B91000D9B2FB /* working_with_light_1_rudrakshTests.swift in Sources */ = {isa = PBXBuildFile; fileRef = 3FDD3A4727D8B91000D9B2FB /* working_with_light_1_rudrakshTests.swift */; };
		3FDD3A5327D8B91000D9B2FB /* working_with_light_1_rudrakshUITests.swift in Sources */ = {isa = PBXBuildFile; fileRef = 3FDD3A5227D8B91000D9B2FB /* working_with_light_1_rudrakshUITests.swift */; };
/* End PBXBuildFile section */

/* Begin PBXContainerItemProxy section */
		3FDD3A4427D8B90F00D9B2FB /* PBXContainerItemProxy */ = {
			isa = PBXContainerItemProxy;
			containerPortal = 3FDD3A2527D8B90100D9B2FB /* Project object */;
			proxyType = 1;
			remoteGlobalIDString = 3FDD3A2C27D8B90100D9B2FB;
			remoteInfo = "working with light 1 rudraksh";
		};
		3FDD3A4F27D8B91000D9B2FB /* PBXContainerItemProxy */ = {
			isa = PBXContainerItemProxy;
			containerPortal = 3FDD3A2527D8B90100D9B2FB /* Project object */;
			proxyType = 1;
			remoteGlobalIDString = 3FDD3A2C27D8B90100D9B2FB;
			remoteInfo = "working with light 1 rudraksh";
		};
/* End PBXContainerItemProxy section */

/* Begin PBXFileReference section */
		3FDD3A2D27D8B90100D9B2FB /* working with light 1 rudraksh.app */ = {isa = PBXFileReference; explicitFileType = wrapper.application; includeInIndex = 0; path = "working with light 1 rudraksh.app"; sourceTree = BUILT_PRODUCTS_DIR; };
		3FDD3A3027D8B90100D9B2FB /* AppDelegate.swift */ = {isa = PBXFileReference; lastKnownFileType = sourcecode.swift; path = AppDelegate.swift; sourceTree = "<group>"; };
		3FDD3A3227D8B90100D9B2FB /* SceneDelegate.swift */ = {isa = PBXFileReference; lastKnownFileType = sourcecode.swift; path = SceneDelegate.swift; sourceTree = "<group>"; };
		3FDD3A3427D8B90100D9B2FB /* ViewController.swift */ = {isa = PBXFileReference; lastKnownFileType = sourcecode.swift; path = ViewController.swift; sourceTree = "<group>"; };
		3FDD3A3727D8B90200D9B2FB /* Base */ = {isa = PBXFileReference; lastKnownFileType = file.storyboard; name = Base; path = Base.lproj/Main.storyboard; sourceTree = "<group>"; };
		3FDD3A3927D8B90F00D9B2FB /* Assets.xcassets */ = {isa = PBXFileReference; lastKnownFileType = folder.assetcatalog; path = Assets.xcassets; sourceTree = "<group>"; };
		3FDD3A3C27D8B90F00D9B2FB /* Base */ = {isa = PBXFileReference; lastKnownFileType = file.storyboard; name = Base; path = Base.lproj/LaunchScreen.storyboard; sourceTree = "<group>"; };
		3FDD3A3E27D8B90F00D9B2FB /* Info.plist */ = {isa = PBXFileReference; lastKnownFileType = text.plist.xml; path = Info.plist; sourceTree = "<group>"; };
		3FDD3A4327D8B90F00D9B2FB /* working with light 1 rudrakshTests.xctest */ = {isa = PBXFileReference; explicitFileType = wrapper.cfbundle; includeInIndex = 0; path = "working with light 1 rudrakshTests.xctest"; sourceTree = BUILT_PRODUCTS_DIR; };
		3FDD3A4727D8B91000D9B2FB /* working_with_light_1_rudrakshTests.swift */ = {isa = PBXFileReference; lastKnownFileType = sourcecode.swift; path = working_with_light_1_rudrakshTests.swift; sourceTree = "<group>"; };
		3FDD3A4927D8B91000D9B2FB /* Info.plist */ = {isa = PBXFileReference; lastKnownFileType = text.plist.xml; path = Info.plist; sourceTree = "<group>"; };
		3FDD3A4E27D8B91000D9B2FB /* working with light 1 rudrakshUITests.xctest */ = {isa = PBXFileReference; explicitFileType = wrapper.cfbundle; includeInIndex = 0; path = "working with light 1 rudrakshUITests.xctest"; sourceTree = BUILT_PRODUCTS_DIR; };
		3FDD3A5227D8B91000D9B2FB /* working_with_light_1_rudrakshUITests.swift */ = {isa = PBXFileReference; lastKnownFileType = sourcecode.swift; path = working_with_light_1_rudrakshUITests.swift; sourceTree = "<group>"; };
		3FDD3A5427D8B91000D9B2FB /* Info.plist */ = {isa = PBXFileReference; lastKnownFileType = text.plist.xml; path = Info.plist; sourceTree = "<group>"; };
/* End PBXFileReference section */

/* Begin PBXFrameworksBuildPhase section */
		3FDD3A2A27D8B90100D9B2FB /* Frameworks */ = {
			isa = PBXFrameworksBuildPhase;
			buildActionMask = 2147483647;
			files = (
			);
			runOnlyForDeploymentPostprocessing = 0;
		};
		3FDD3A4027D8B90F00D9B2FB /* Frameworks */ = {
			isa = PBXFrameworksBuildPhase;
			buildActionMask = 2147483647;
			files = (
			);
			runOnlyForDeploymentPostprocessing = 0;
		};
		3FDD3A4B27D8B91000D9B2FB /* Frameworks */ = {
			isa = PBXFrameworksBuildPhase;
			buildActionMask = 2147483647;
			files = (
			);
			runOnlyForDeploymentPostprocessing = 0;
		};
/* End PBXFrameworksBuildPhase section */

/* Begin PBXGroup section */
		3FDD3A2427D8B90100D9B2FB = {
			isa = PBXGroup;
			children = (
				3FDD3A2F27D8B90100D9B2FB /* working with light 1 rudraksh */,
				3FDD3A4627D8B90F00D9B2FB /* working with light 1 rudrakshTests */,
				3FDD3A5127D8B91000D9B2FB /* working with light 1 rudrakshUITests */,
				3FDD3A2E27D8B90100D9B2FB /* Products */,
			);
			sourceTree = "<group>";
		};
		3FDD3A2E27D8B90100D9B2FB /* Products */ = {
			isa = PBXGroup;
			children = (
				3FDD3A2D27D8B90100D9B2FB /* working with light 1 rudraksh.app */,
				3FDD3A4327D8B90F00D9B2FB /* working with light 1 rudrakshTests.xctest */,
				3FDD3A4E27D8B91000D9B2FB /* working with light 1 rudrakshUITests.xctest */,
			);
			name = Products;
			sourceTree = "<group>";
		};
		3FDD3A2F27D8B90100D9B2FB /* working with light 1 rudraksh */ = {
			isa = PBXGroup;
			children = (
				3FDD3A3027D8B90100D9B2FB /* AppDelegate.swift */,
				3FDD3A3227D8B90100D9B2FB /* SceneDelegate.swift */,
				3FDD3A3427D8B90100D9B2FB /* ViewController.swift */,
				3FDD3A3627D8B90200D9B2FB /* Main.storyboard */,
				3FDD3A3927D8B90F00D9B2FB /* Assets.xcassets */,
				3FDD3A3B27D8B90F00D9B2FB /* LaunchScreen.storyboard */,
				3FDD3A3E27D8B90F00D9B2FB /* Info.plist */,
			);
			path = "working with light 1 rudraksh";
			sourceTree = "<group>";
		};
		3FDD3A4627D8B90F00D9B2FB /* working with light 1 rudrakshTests */ = {
			isa = PBXGroup;
			children = (
				3FDD3A4727D8B91000D9B2FB /* working_with_light_1_rudrakshTests.swift */,
				3FDD3A4927D8B91000D9B2FB /* Info.plist */,
			);
			path = "working with light 1 rudrakshTests";
			sourceTree = "<group>";
		};
		3FDD3A5127D8B91000D9B2FB /* working with light 1 rudrakshUITests */ = {
			isa = PBXGroup;
			children = (
				3FDD3A5227D8B91000D9B2FB /* working_with_light_1_rudrakshUITests.swift */,
				3FDD3A5427D8B91000D9B2FB /* Info.plist */,
			);
			path = "working with light 1 rudrakshUITests";
			sourceTree = "<group>";
		};
/* End PBXGroup section */

/* Begin PBXNativeTarget section */
		3FDD3A2C27D8B90100D9B2FB /* working with light 1 rudraksh */ = {
			isa = PBXNativeTarget;
			buildConfigurationList = 3FDD3A5727D8B91000D9B2FB /* Build configuration list for PBXNativeTarget "working with light 1 rudraksh" */;
			buildPhases = (
				3FDD3A2927D8B90100D9B2FB /* Sources */,
				3FDD3A2A27D8B90100D9B2FB /* Frameworks */,
				3FDD3A2B27D8B90100D9B2FB /* Resources */,
			);
			buildRules = (
			);
			dependencies = (
			);
			name = "working with light 1 rudraksh";
			productName = "working with light 1 rudraksh";
			productReference = 3FDD3A2D27D8B90100D9B2FB /* working with light 1 rudraksh.app */;
			productType = "com.apple.product-type.application";
		};
		3FDD3A4227D8B90F00D9B2FB /* working with light 1 rudrakshTests */ = {
			isa = PBXNativeTarget;
			buildConfigurationList = 3FDD3A5A27D8B91000D9B2FB /* Build configuration list for PBXNativeTarget "working with light 1 rudrakshTests" */;
			buildPhases = (
				3FDD3A3F27D8B90F00D9B2FB /* Sources */,
				3FDD3A4027D8B90F00D9B2FB /* Frameworks */,
				3FDD3A4127D8B90F00D9B2FB /* Resources */,
			);
			buildRules = (
			);
			dependencies = (
				3FDD3A4527D8B90F00D9B2FB /* PBXTargetDependency */,
			);
			name = "working with light 1 rudrakshTests";
			productName = "working with light 1 rudrakshTests";
			productReference = 3FDD3A4327D8B90F00D9B2FB /* working with light 1 rudrakshTests.xctest */;
			productType = "com.apple.product-type.bundle.unit-test";
		};
		3FDD3A4D27D8B91000D9B2FB /* working with light 1 rudrakshUITests */ = {
			isa = PBXNativeTarget;
			buildConfigurationList = 3FDD3A5D27D8B91000D9B2FB /* Build configuration list for PBXNativeTarget "working with light 1 rudrakshUITests" */;
			buildPhases = (
				3FDD3A4A27D8B91000D9B2FB /* Sources */,
				3FDD3A4B27D8B91000D9B2FB /* Frameworks */,
				3FDD3A4C27D8B91000D9B2FB /* Resources */,
			);
			buildRules = (
			);
			dependencies = (
				3FDD3A5027D8B91000D9B2FB /* PBXTargetDependency */,
			);
			name = "working with light 1 rudrakshUITests";
			productName = "working with light 1 rudrakshUITests";
			productReference = 3FDD3A4E27D8B91000D9B2FB /* working with light 1 rudrakshUITests.xctest */;
			productType = "com.apple.product-type.bundle.ui-testing";
		};
/* End PBXNativeTarget section */

/* Begin PBXProject section */
		3FDD3A2527D8B90100D9B2FB /* Project object */ = {
			isa = PBXProject;
			attributes = {
				LastSwiftUpdateCheck = 1130;
				LastUpgradeCheck = 1130;
				ORGANIZATIONNAME = SVIIT;
				TargetAttributes = {
					3FDD3A2C27D8B90100D9B2FB = {
						CreatedOnToolsVersion = 11.3.1;
					};
					3FDD3A4227D8B90F00D9B2FB = {
						CreatedOnToolsVersion = 11.3.1;
						TestTargetID = 3FDD3A2C27D8B90100D9B2FB;
					};
					3FDD3A4D27D8B91000D9B2FB = {
						CreatedOnToolsVersion = 11.3.1;
						TestTargetID = 3FDD3A2C27D8B90100D9B2FB;
					};
				};
			};
			buildConfigurationList = 3FDD3A2827D8B90100D9B2FB /* Build configuration list for PBXProject "working with light 1 rudraksh" */;
			compatibilityVersion = "Xcode 9.3";
			developmentRegion = en;
			hasScannedForEncodings = 0;
			knownRegions = (
				en,
				Base,
			);
			mainGroup = 3FDD3A2427D8B90100D9B2FB;
			productRefGroup = 3FDD3A2E27D8B90100D9B2FB /* Products */;
			projectDirPath = "";
			projectRoot = "";
			targets = (
				3FDD3A2C27D8B90100D9B2FB /* working with light 1 rudraksh */,
				3FDD3A4227D8B90F00D9B2FB /* working with light 1 rudrakshTests */,
				3FDD3A4D27D8B91000D9B2FB /* working with light 1 rudrakshUITests */,
			);
		};
/* End PBXProject section */

/* Begin PBXResourcesBuildPhase section */
		3FDD3A2B27D8B90100D9B2FB /* Resources */ = {
			isa = PBXResourcesBuildPhase;
			buildActionMask = 2147483647;
			files = (
				3FDD3A3D27D8B90F00D9B2FB /* LaunchScreen.storyboard in Resources */,
				3FDD3A3A27D8B90F00D9B2FB /* Assets.xcassets in Resources */,
				3FDD3A3827D8B90200D9B2FB /* Main.storyboard in Resources */,
			);
			runOnlyForDeploymentPostprocessing = 0;
		};
		3FDD3A4127D8B90F00D9B2FB /* Resources */ = {
			isa = PBXResourcesBuildPhase;
			buildActionMask = 2147483647;
			files = (
			);
			runOnlyForDeploymentPostprocessing = 0;
		};
		3FDD3A4C27D8B91000D9B2FB /* Resources */ = {
			isa = PBXResourcesBuildPhase;
			buildActionMask = 2147483647;
			files = (
			);
			runOnlyForDeploymentPostprocessing = 0;
		};
/* End PBXResourcesBuildPhase section */

/* Begin PBXSourcesBuildPhase section */
		3FDD3A2927D8B90100D9B2FB /* Sources */ = {
			isa = PBXSourcesBuildPhase;
			buildActionMask = 2147483647;
			files = (
				3FDD3A3527D8B90100D9B2FB /* ViewController.swift in Sources */,
				3FDD3A3127D8B90100D9B2FB /* AppDelegate.swift in Sources */,
				3FDD3A3327D8B90100D9B2FB /* SceneDelegate.swift in Sources */,
			);
			runOnlyForDeploymentPostprocessing = 0;
		};
		3FDD3A3F27D8B90F00D9B2FB /* Sources */ = {
			isa = PBXSourcesBuildPhase;
			buildActionMask = 2147483647;
			files = (
				3FDD3A4827D8B91000D9B2FB /* working_with_light_1_rudrakshTests.swift in Sources */,
			);
			runOnlyForDeploymentPostprocessing = 0;
		};
		3FDD3A4A27D8B91000D9B2FB /* Sources */ = {
			isa = PBXSourcesBuildPhase;
			buildActionMask = 2147483647;
			files = (
				3FDD3A5327D8B91000D9B2FB /* working_with_light_1_rudrakshUITests.swift in Sources */,
			);
			runOnlyForDeploymentPostprocessing = 0;
		};
/* End PBXSourcesBuildPhase section */

/* Begin PBXTargetDependency section */
		3FDD3A4527D8B90F00D9B2FB /* PBXTargetDependency */ = {
			isa = PBXTargetDependency;
			target = 3FDD3A2C27D8B90100D9B2FB /* working with light 1 rudraksh */;
			targetProxy = 3FDD3A4427D8B90F00D9B2FB /* PBXContainerItemProxy */;
		};
		3FDD3A5027D8B91000D9B2FB /* PBXTargetDependency */ = {
			isa = PBXTargetDependency;
			target = 3FDD3A2C27D8B90100D9B2FB /* working with light 1 rudraksh */;
			targetProxy = 3FDD3A4F27D8B91000D9B2FB /* PBXContainerItemProxy */;
		};
/* End PBXTargetDependency section */

/* Begin PBXVariantGroup section */
		3FDD3A3627D8B90200D9B2FB /* Main.storyboard */ = {
			isa = PBXVariantGroup;
			children = (
				3FDD3A3727D8B90200D9B2FB /* Base */,
			);
			name = Main.storyboard;
			sourceTree = "<group>";
		};
		3FDD3A3B27D8B90F00D9B2FB /* LaunchScreen.storyboard */ = {
			isa = PBXVariantGroup;
			children = (
				3FDD3A3C27D8B90F00D9B2FB /* Base */,
			);
			name = LaunchScreen.storyboard;
			sourceTree = "<group>";
		};
/* End PBXVariantGroup section */

/* Begin XCBuildConfiguration section */
		3FDD3A5527D8B91000D9B2FB /* Debug */ = {
			isa = XCBuildConfiguration;
			buildSettings = {
				ALWAYS_SEARCH_USER_PATHS = NO;
				CLANG_ANALYZER_NONNULL = YES;
				CLANG_ANALYZER_NUMBER_OBJECT_CONVERSION = YES_AGGRESSIVE;
				CLANG_CXX_LANGUAGE_STANDARD = "gnu++14";
				CLANG_CXX_LIBRARY = "libc++";
				CLANG_ENABLE_MODULES = YES;
				CLANG_ENABLE_OBJC_ARC = YES;
				CLANG_ENABLE_OBJC_WEAK = YES;
				CLANG_WARN_BLOCK_CAPTURE_AUTORELEASING = YES;
				CLANG_WARN_BOOL_CONVERSION = YES;
				CLANG_WARN_COMMA = YES;
				CLANG_WARN_CONSTANT_CONVERSION = YES;
				CLANG_WARN_DEPRECATED_OBJC_IMPLEMENTATIONS = YES;
				CLANG_WARN_DIRECT_OBJC_ISA_USAGE = YES_ERROR;
				CLANG_WARN_DOCUMENTATION_COMMENTS = YES;
				CLANG_WARN_EMPTY_BODY = YES;
				CLANG_WARN_ENUM_CONVERSION = YES;
				CLANG_WARN_INFINITE_RECURSION = YES;
				CLANG_WARN_INT_CONVERSION = YES;
				CLANG_WARN_NON_LITERAL_NULL_CONVERSION = YES;
				CLANG_WARN_OBJC_IMPLICIT_RETAIN_SELF = YES;
				CLANG_WARN_OBJC_LITERAL_CONVERSION = YES;
				CLANG_WARN_OBJC_ROOT_CLASS = YES_ERROR;
				CLANG_WARN_RANGE_LOOP_ANALYSIS = YES;
				CLANG_WARN_STRICT_PROTOTYPES = YES;
				CLANG_WARN_SUSPICIOUS_MOVE = YES;
				CLANG_WARN_UNGUARDED_AVAILABILITY = YES_AGGRESSIVE;
				CLANG_WARN_UNREACHABLE_CODE = YES;
				CLANG_WARN__DUPLICATE_METHOD_MATCH = YES;
				COPY_PHASE_STRIP = NO;
				DEBUG_INFORMATION_FORMAT = dwarf;
				ENABLE_STRICT_OBJC_MSGSEND = YES;
				ENABLE_TESTABILITY = YES;
				GCC_C_LANGUAGE_STANDARD = gnu11;
				GCC_DYNAMIC_NO_PIC = NO;
				GCC_NO_COMMON_BLOCKS = YES;
				GCC_OPTIMIZATION_LEVEL = 0;
				GCC_PREPROCESSOR_DEFINITIONS = (
					"DEBUG=1",
					"$(inherited)",
				);
				GCC_WARN_64_TO_32_BIT_CONVERSION = YES;
				GCC_WARN_ABOUT_RETURN_TYPE = YES_ERROR;
				GCC_WARN_UNDECLARED_SELECTOR = YES;
				GCC_WARN_UNINITIALIZED_AUTOS = YES_AGGRESSIVE;
				GCC_WARN_UNUSED_FUNCTION = YES;
				GCC_WARN_UNUSED_VARIABLE = YES;
				IPHONEOS_DEPLOYMENT_TARGET = 13.2;
				MTL_ENABLE_DEBUG_INFO = INCLUDE_SOURCE;
				MTL_FAST_MATH = YES;
				ONLY_ACTIVE_ARCH = YES;
				SDKROOT = iphoneos;
				SWIFT_ACTIVE_COMPILATION_CONDITIONS = DEBUG;
				SWIFT_OPTIMIZATION_LEVEL = "-Onone";
			};
			name = Debug;
		};
		3FDD3A5627D8B91000D9B2FB /* Release */ = {
			isa = XCBuildConfiguration;
			buildSettings = {
				ALWAYS_SEARCH_USER_PATHS = NO;
				CLANG_ANALYZER_NONNULL = YES;
				CLANG_ANALYZER_NUMBER_OBJECT_CONVERSION = YES_AGGRESSIVE;
				CLANG_CXX_LANGUAGE_STANDARD = "gnu++14";
				CLANG_CXX_LIBRARY = "libc++";
				CLANG_ENABLE_MODULES = YES;
				CLANG_ENABLE_OBJC_ARC = YES;
				CLANG_ENABLE_OBJC_WEAK = YES;
				CLANG_WARN_BLOCK_CAPTURE_AUTORELEASING = YES;
				CLANG_WARN_BOOL_CONVERSION = YES;
				CLANG_WARN_COMMA = YES;
				CLANG_WARN_CONSTANT_CONVERSION = YES;
				CLANG_WARN_DEPRECATED_OBJC_IMPLEMENTATIONS = YES;
				CLANG_WARN_DIRECT_OBJC_ISA_USAGE = YES_ERROR;
				CLANG_WARN_DOCUMENTATION_COMMENTS = YES;
				CLANG_WARN_EMPTY_BODY = YES;
				CLANG_WARN_ENUM_CONVERSION = YES;
				CLANG_WARN_INFINITE_RECURSION = YES;
				CLANG_WARN_INT_CONVERSION = YES;
				CLANG_WARN_NON_LITERAL_NULL_CONVERSION = YES;
				CLANG_WARN_OBJC_IMPLICIT_RETAIN_SELF = YES;
				CLANG_WARN_OBJC_LITERAL_CONVERSION = YES;
				CLANG_WARN_OBJC_ROOT_CLASS = YES_ERROR;
				CLANG_WARN_RANGE_LOOP_ANALYSIS = YES;
				CLANG_WARN_STRICT_PROTOTYPES = YES;
				CLANG_WARN_SUSPICIOUS_MOVE = YES;
				CLANG_WARN_UNGUARDED_AVAILABILITY = YES_AGGRESSIVE;
				CLANG_WARN_UNREACHABLE_CODE = YES;
				CLANG_WARN__DUPLICATE_METHOD_MATCH = YES;
				COPY_PHASE_STRIP = NO;
				DEBUG_INFORMATION_FORMAT = "dwarf-with-dsym";
				ENABLE_NS_ASSERTIONS = NO;
				ENABLE_STRICT_OBJC_MSGSEND = YES;
				GCC_C_LANGUAGE_STANDARD = gnu11;
				GCC_NO_COMMON_BLOCKS = YES;
				GCC_WARN_64_TO_32_BIT_CONVERSION = YES;
				GCC_WARN_ABOUT_RETURN_TYPE = YES_ERROR;
				GCC_WARN_UNDECLARED_SELECTOR = YES;
				GCC_WARN_UNINITIALIZED_AUTOS = YES_AGGRESSIVE;
				GCC_WARN_UNUSED_FUNCTION = YES;
				GCC_WARN_UNUSED_VARIABLE = YES;
				IPHONEOS_DEPLOYMENT_TARGET = 13.2;
				MTL_ENABLE_DEBUG_INFO = NO;
				MTL_FAST_MATH = YES;
				SDKROOT = iphoneos;
				SWIFT_COMPILATION_MODE = wholemodule;
				SWIFT_OPTIMIZATION_LEVEL = "-O";
				VALIDATE_PRODUCT = YES;
			};
			name = Release;
		};
		3FDD3A5827D8B91000D9B2FB /* Debug */ = {
			isa = XCBuildConfiguration;
			buildSettings = {
				ASSETCATALOG_COMPILER_APPICON_NAME = AppIcon;
				CODE_SIGN_STYLE = Automatic;
				INFOPLIST_FILE = "working with light 1 rudraksh/Info.plist";
				LD_RUNPATH_SEARCH_PATHS = (
					"$(inherited)",
					"@executable_path/Frameworks",
				);
				PRODUCT_BUNDLE_IDENTIFIER = "svvv.edu.in.working-with-light-1-rudraksh";
				PRODUCT_NAME = "$(TARGET_NAME)";
				SWIFT_VERSION = 5.0;
				TARGETED_DEVICE_FAMILY = "1,2";
			};
			name = Debug;
		};
		3FDD3A5927D8B91000D9B2FB /* Release */ = {
			isa = XCBuildConfiguration;
			buildSettings = {
				ASSETCATALOG_COMPILER_APPICON_NAME = AppIcon;
				CODE_SIGN_STYLE = Automatic;
				INFOPLIST_FILE = "working with light 1 rudraksh/Info.plist";
				LD_RUNPATH_SEARCH_PATHS = (
					"$(inherited)",
					"@executable_path/Frameworks",
				);
				PRODUCT_BUNDLE_IDENTIFIER = "svvv.edu.in.working-with-light-1-rudraksh";
				PRODUCT_NAME = "$(TARGET_NAME)";
				SWIFT_VERSION = 5.0;
				TARGETED_DEVICE_FAMILY = "1,2";
			};
			name = Release;
		};
		3FDD3A5B27D8B91000D9B2FB /* Debug */ = {
			isa = XCBuildConfiguration;
			buildSettings = {
				ALWAYS_EMBED_SWIFT_STANDARD_LIBRARIES = YES;
				BUNDLE_LOADER = "$(TEST_HOST)";
				CODE_SIGN_STYLE = Automatic;
				INFOPLIST_FILE = "working with light 1 rudrakshTests/Info.plist";
				IPHONEOS_DEPLOYMENT_TARGET = 13.2;
				LD_RUNPATH_SEARCH_PATHS = (
					"$(inherited)",
					"@executable_path/Frameworks",
					"@loader_path/Frameworks",
				);
				PRODUCT_BUNDLE_IDENTIFIER = "svvv.edu.in.working-with-light-1-rudrakshTests";
				PRODUCT_NAME = "$(TARGET_NAME)";
				SWIFT_VERSION = 5.0;
				TARGETED_DEVICE_FAMILY = "1,2";
				TEST_HOST = "$(BUILT_PRODUCTS_DIR)/working with light 1 rudraksh.app/working with light 1 rudraksh";
			};
			name = Debug;
		};
		3FDD3A5C27D8B91000D9B2FB /* Release */ = {
			isa = XCBuildConfiguration;
			buildSettings = {
				ALWAYS_EMBED_SWIFT_STANDARD_LIBRARIES = YES;
				BUNDLE_LOADER = "$(TEST_HOST)";
				CODE_SIGN_STYLE = Automatic;
				INFOPLIST_FILE = "working with light 1 rudrakshTests/Info.plist";
				IPHONEOS_DEPLOYMENT_TARGET = 13.2;
				LD_RUNPATH_SEARCH_PATHS = (
					"$(inherited)",
					"@executable_path/Frameworks",
					"@loader_path/Frameworks",
				);
				PRODUCT_BUNDLE_IDENTIFIER = "svvv.edu.in.working-with-light-1-rudrakshTests";
				PRODUCT_NAME = "$(TARGET_NAME)";
				SWIFT_VERSION = 5.0;
				TARGETED_DEVICE_FAMILY = "1,2";
				TEST_HOST = "$(BUILT_PRODUCTS_DIR)/working with light 1 rudraksh.app/working with light 1 rudraksh";
			};
			name = Release;
		};
		3FDD3A5E27D8B91000D9B2FB /* Debug */ = {
			isa = XCBuildConfiguration;
			buildSettings = {
				ALWAYS_EMBED_SWIFT_STANDARD_LIBRARIES = YES;
				CODE_SIGN_STYLE = Automatic;
				INFOPLIST_FILE = "working with light 1 rudrakshUITests/Info.plist";
				LD_RUNPATH_SEARCH_PATHS = (
					"$(inherited)",
					"@executable_path/Frameworks",
					"@loader_path/Frameworks",
				);
				PRODUCT_BUNDLE_IDENTIFIER = "svvv.edu.in.working-with-light-1-rudrakshUITests";
				PRODUCT_NAME = "$(TARGET_NAME)";
				SWIFT_VERSION = 5.0;
				TARGETED_DEVICE_FAMILY = "1,2";
				TEST_TARGET_NAME = "working with light 1 rudraksh";
			};
			name = Debug;
		};
		3FDD3A5F27D8B91000D9B2FB /* Release */ = {
			isa = XCBuildConfiguration;
			buildSettings = {
				ALWAYS_EMBED_SWIFT_STANDARD_LIBRARIES = YES;
				CODE_SIGN_STYLE = Automatic;
				INFOPLIST_FILE = "working with light 1 rudrakshUITests/Info.plist";
				LD_RUNPATH_SEARCH_PATHS = (
					"$(inherited)",
					"@executable_path/Frameworks",
					"@loader_path/Frameworks",
				);
				PRODUCT_BUNDLE_IDENTIFIER = "svvv.edu.in.working-with-light-1-rudrakshUITests";
				PRODUCT_NAME = "$(TARGET_NAME)";
				SWIFT_VERSION = 5.0;
				TARGETED_DEVICE_FAMILY = "1,2";
				TEST_TARGET_NAME = "working with light 1 rudraksh";
			};
			name = Release;
		};
/* End XCBuildConfiguration section */

/* Begin XCConfigurationList section */
		3FDD3A2827D8B90100D9B2FB /* Build configuration list for PBXProject "working with light 1 rudraksh" */ = {
			isa = XCConfigurationList;
			buildConfigurations = (
				3FDD3A5527D8B91000D9B2FB /* Debug */,
				3FDD3A5627D8B91000D9B2FB /* Release */,
			);
			defaultConfigurationIsVisible = 0;
			defaultConfigurationName = Release;
		};
		3FDD3A5727D8B91000D9B2FB /* Build configuration list for PBXNativeTarget "working with light 1 rudraksh" */ = {
			isa = XCConfigurationList;
			buildConfigurations = (
				3FDD3A5827D8B91000D9B2FB /* Debug */,
				3FDD3A5927D8B91000D9B2FB /* Release */,
			);
			defaultConfigurationIsVisible = 0;
			defaultConfigurationName = Release;
		};
		3FDD3A5A27D8B91000D9B2FB /* Build configuration list for PBXNativeTarget "working with light 1 rudrakshTests" */ = {
			isa = XCConfigurationList;
			buildConfigurations = (
				3FDD3A5B27D8B91000D9B2FB /* Debug */,
				3FDD3A5C27D8B91000D9B2FB /* Release */,
			);
			defaultConfigurationIsVisible = 0;
			defaultConfigurationName = Release;
		};
		3FDD3A5D27D8B91000D9B2FB /* Build configuration list for PBXNativeTarget "working with light 1 rudrakshUITests" */ = {
			isa = XCConfigurationList;
			buildConfigurations = (
				3FDD3A5E27D8B91000D9B2FB /* Debug */,
				3FDD3A5F27D8B91000D9B2FB /* Release */,
			);
			defaultConfigurationIsVisible = 0;
			defaultConfigurationName = Release;
		};
/* End XCConfigurationList section */
	};
	rootObject = 3FDD3A2527D8B90100D9B2FB /* Project object */;
}
