// !$*UTF8*$!
{
	archiveVersion = 1;
	classes = {
	};
	objectVersion = 50;
	objects = {

/* Begin PBXBuildFile section */
		3FAB490827C4EC10000236A2 /* AppDelegate.swift in Sources */ = {isa = PBXBuildFile; fileRef = 3FAB490727C4EC10000236A2 /* AppDelegate.swift */; };
		3FAB490A27C4EC10000236A2 /* art.scnassets in Resources */ = {isa = PBXBuildFile; fileRef = 3FAB490927C4EC10000236A2 /* art.scnassets */; };
		3FAB490C27C4EC10000236A2 /* ViewController.swift in Sources */ = {isa = PBXBuildFile; fileRef = 3FAB490B27C4EC10000236A2 /* ViewController.swift */; };
		3FAB490F27C4EC10000236A2 /* Main.storyboard in Resources */ = {isa = PBXBuildFile; fileRef = 3FAB490D27C4EC10000236A2 /* Main.storyboard */; };
		3FAB491127C4EC3F000236A2 /* Assets.xcassets in Resources */ = {isa = PBXBuildFile; fileRef = 3FAB491027C4EC3F000236A2 /* Assets.xcassets */; };
		3FAB491427C4EC3F000236A2 /* LaunchScreen.storyboard in Resources */ = {isa = PBXBuildFile; fileRef = 3FAB491227C4EC3F000236A2 /* LaunchScreen.storyboard */; };
		3FAB491F27C4EC41000236A2 /* ARKit_rudrakshTests.swift in Sources */ = {isa = PBXBuildFile; fileRef = 3FAB491E27C4EC41000236A2 /* ARKit_rudrakshTests.swift */; };
		3FAB492A27C4EC41000236A2 /* ARKit_rudrakshUITests.swift in Sources */ = {isa = PBXBuildFile; fileRef = 3FAB492927C4EC41000236A2 /* ARKit_rudrakshUITests.swift */; };
/* End PBXBuildFile section */

/* Begin PBXContainerItemProxy section */
		3FAB491B27C4EC41000236A2 /* PBXContainerItemProxy */ = {
			isa = PBXContainerItemProxy;
			containerPortal = 3FAB48FC27C4EC0F000236A2 /* Project object */;
			proxyType = 1;
			remoteGlobalIDString = 3FAB490327C4EC10000236A2;
			remoteInfo = "ARKit rudraksh";
		};
		3FAB492627C4EC41000236A2 /* PBXContainerItemProxy */ = {
			isa = PBXContainerItemProxy;
			containerPortal = 3FAB48FC27C4EC0F000236A2 /* Project object */;
			proxyType = 1;
			remoteGlobalIDString = 3FAB490327C4EC10000236A2;
			remoteInfo = "ARKit rudraksh";
		};
/* End PBXContainerItemProxy section */

/* Begin PBXFileReference section */
		3FAB490427C4EC10000236A2 /* ARKit rudraksh.app */ = {isa = PBXFileReference; explicitFileType = wrapper.application; includeInIndex = 0; path = "ARKit rudraksh.app"; sourceTree = BUILT_PRODUCTS_DIR; };
		3FAB490727C4EC10000236A2 /* AppDelegate.swift */ = {isa = PBXFileReference; lastKnownFileType = sourcecode.swift; path = AppDelegate.swift; sourceTree = "<group>"; };
		3FAB490927C4EC10000236A2 /* art.scnassets */ = {isa = PBXFileReference; lastKnownFileType = wrapper.scnassets; path = art.scnassets; sourceTree = "<group>"; };
		3FAB490B27C4EC10000236A2 /* ViewController.swift */ = {isa = PBXFileReference; lastKnownFileType = sourcecode.swift; path = ViewController.swift; sourceTree = "<group>"; };
		3FAB490E27C4EC10000236A2 /* Base */ = {isa = PBXFileReference; lastKnownFileType = file.storyboard; name = Base; path = Base.lproj/Main.storyboard; sourceTree = "<group>"; };
		3FAB491027C4EC3F000236A2 /* Assets.xcassets */ = {isa = PBXFileReference; lastKnownFileType = folder.assetcatalog; path = Assets.xcassets; sourceTree = "<group>"; };
		3FAB491327C4EC3F000236A2 /* Base */ = {isa = PBXFileReference; lastKnownFileType = file.storyboard; name = Base; path = Base.lproj/LaunchScreen.storyboard; sourceTree = "<group>"; };
		3FAB491527C4EC40000236A2 /* Info.plist */ = {isa = PBXFileReference; lastKnownFileType = text.plist.xml; path = Info.plist; sourceTree = "<group>"; };
		3FAB491A27C4EC41000236A2 /* ARKit rudrakshTests.xctest */ = {isa = PBXFileReference; explicitFileType = wrapper.cfbundle; includeInIndex = 0; path = "ARKit rudrakshTests.xctest"; sourceTree = BUILT_PRODUCTS_DIR; };
		3FAB491E27C4EC41000236A2 /* ARKit_rudrakshTests.swift */ = {isa = PBXFileReference; lastKnownFileType = sourcecode.swift; path = ARKit_rudrakshTests.swift; sourceTree = "<group>"; };
		3FAB492027C4EC41000236A2 /* Info.plist */ = {isa = PBXFileReference; lastKnownFileType = text.plist.xml; path = Info.plist; sourceTree = "<group>"; };
		3FAB492527C4EC41000236A2 /* ARKit rudrakshUITests.xctest */ = {isa = PBXFileReference; explicitFileType = wrapper.cfbundle; includeInIndex = 0; path = "ARKit rudrakshUITests.xctest"; sourceTree = BUILT_PRODUCTS_DIR; };
		3FAB492927C4EC41000236A2 /* ARKit_rudrakshUITests.swift */ = {isa = PBXFileReference; lastKnownFileType = sourcecode.swift; path = ARKit_rudrakshUITests.swift; sourceTree = "<group>"; };
		3FAB492B27C4EC41000236A2 /* Info.plist */ = {isa = PBXFileReference; lastKnownFileType = text.plist.xml; path = Info.plist; sourceTree = "<group>"; };
/* End PBXFileReference section */

/* Begin PBXFrameworksBuildPhase section */
		3FAB490127C4EC10000236A2 /* Frameworks */ = {
			isa = PBXFrameworksBuildPhase;
			buildActionMask = 2147483647;
			files = (
			);
			runOnlyForDeploymentPostprocessing = 0;
		};
		3FAB491727C4EC41000236A2 /* Frameworks */ = {
			isa = PBXFrameworksBuildPhase;
			buildActionMask = 2147483647;
			files = (
			);
			runOnlyForDeploymentPostprocessing = 0;
		};
		3FAB492227C4EC41000236A2 /* Frameworks */ = {
			isa = PBXFrameworksBuildPhase;
			buildActionMask = 2147483647;
			files = (
			);
			runOnlyForDeploymentPostprocessing = 0;
		};
/* End PBXFrameworksBuildPhase section */

/* Begin PBXGroup section */
		3FAB48FB27C4EC0F000236A2 = {
			isa = PBXGroup;
			children = (
				3FAB490627C4EC10000236A2 /* ARKit rudraksh */,
				3FAB491D27C4EC41000236A2 /* ARKit rudrakshTests */,
				3FAB492827C4EC41000236A2 /* ARKit rudrakshUITests */,
				3FAB490527C4EC10000236A2 /* Products */,
			);
			sourceTree = "<group>";
		};
		3FAB490527C4EC10000236A2 /* Products */ = {
			isa = PBXGroup;
			children = (
				3FAB490427C4EC10000236A2 /* ARKit rudraksh.app */,
				3FAB491A27C4EC41000236A2 /* ARKit rudrakshTests.xctest */,
				3FAB492527C4EC41000236A2 /* ARKit rudrakshUITests.xctest */,
			);
			name = Products;
			sourceTree = "<group>";
		};
		3FAB490627C4EC10000236A2 /* ARKit rudraksh */ = {
			isa = PBXGroup;
			children = (
				3FAB490727C4EC10000236A2 /* AppDelegate.swift */,
				3FAB490927C4EC10000236A2 /* art.scnassets */,
				3FAB490B27C4EC10000236A2 /* ViewController.swift */,
				3FAB490D27C4EC10000236A2 /* Main.storyboard */,
				3FAB491027C4EC3F000236A2 /* Assets.xcassets */,
				3FAB491227C4EC3F000236A2 /* LaunchScreen.storyboard */,
				3FAB491527C4EC40000236A2 /* Info.plist */,
			);
			path = "ARKit rudraksh";
			sourceTree = "<group>";
		};
		3FAB491D27C4EC41000236A2 /* ARKit rudrakshTests */ = {
			isa = PBXGroup;
			children = (
				3FAB491E27C4EC41000236A2 /* ARKit_rudrakshTests.swift */,
				3FAB492027C4EC41000236A2 /* Info.plist */,
			);
			path = "ARKit rudrakshTests";
			sourceTree = "<group>";
		};
		3FAB492827C4EC41000236A2 /* ARKit rudrakshUITests */ = {
			isa = PBXGroup;
			children = (
				3FAB492927C4EC41000236A2 /* ARKit_rudrakshUITests.swift */,
				3FAB492B27C4EC41000236A2 /* Info.plist */,
			);
			path = "ARKit rudrakshUITests";
			sourceTree = "<group>";
		};
/* End PBXGroup section */

/* Begin PBXNativeTarget section */
		3FAB490327C4EC10000236A2 /* ARKit rudraksh */ = {
			isa = PBXNativeTarget;
			buildConfigurationList = 3FAB492E27C4EC41000236A2 /* Build configuration list for PBXNativeTarget "ARKit rudraksh" */;
			buildPhases = (
				3FAB490027C4EC10000236A2 /* Sources */,
				3FAB490127C4EC10000236A2 /* Frameworks */,
				3FAB490227C4EC10000236A2 /* Resources */,
			);
			buildRules = (
			);
			dependencies = (
			);
			name = "ARKit rudraksh";
			productName = "ARKit rudraksh";
			productReference = 3FAB490427C4EC10000236A2 /* ARKit rudraksh.app */;
			productType = "com.apple.product-type.application";
		};
		3FAB491927C4EC41000236A2 /* ARKit rudrakshTests */ = {
			isa = PBXNativeTarget;
			buildConfigurationList = 3FAB493127C4EC41000236A2 /* Build configuration list for PBXNativeTarget "ARKit rudrakshTests" */;
			buildPhases = (
				3FAB491627C4EC41000236A2 /* Sources */,
				3FAB491727C4EC41000236A2 /* Frameworks */,
				3FAB491827C4EC41000236A2 /* Resources */,
			);
			buildRules = (
			);
			dependencies = (
				3FAB491C27C4EC41000236A2 /* PBXTargetDependency */,
			);
			name = "ARKit rudrakshTests";
			productName = "ARKit rudrakshTests";
			productReference = 3FAB491A27C4EC41000236A2 /* ARKit rudrakshTests.xctest */;
			productType = "com.apple.product-type.bundle.unit-test";
		};
		3FAB492427C4EC41000236A2 /* ARKit rudrakshUITests */ = {
			isa = PBXNativeTarget;
			buildConfigurationList = 3FAB493427C4EC41000236A2 /* Build configuration list for PBXNativeTarget "ARKit rudrakshUITests" */;
			buildPhases = (
				3FAB492127C4EC41000236A2 /* Sources */,
				3FAB492227C4EC41000236A2 /* Frameworks */,
				3FAB492327C4EC41000236A2 /* Resources */,
			);
			buildRules = (
			);
			dependencies = (
				3FAB492727C4EC41000236A2 /* PBXTargetDependency */,
			);
			name = "ARKit rudrakshUITests";
			productName = "ARKit rudrakshUITests";
			productReference = 3FAB492527C4EC41000236A2 /* ARKit rudrakshUITests.xctest */;
			productType = "com.apple.product-type.bundle.ui-testing";
		};
/* End PBXNativeTarget section */

/* Begin PBXProject section */
		3FAB48FC27C4EC0F000236A2 /* Project object */ = {
			isa = PBXProject;
			attributes = {
				LastSwiftUpdateCheck = 1130;
				LastUpgradeCheck = 1130;
				ORGANIZATIONNAME = SVIIT;
				TargetAttributes = {
					3FAB490327C4EC10000236A2 = {
						CreatedOnToolsVersion = 11.3.1;
					};
					3FAB491927C4EC41000236A2 = {
						CreatedOnToolsVersion = 11.3.1;
						TestTargetID = 3FAB490327C4EC10000236A2;
					};
					3FAB492427C4EC41000236A2 = {
						CreatedOnToolsVersion = 11.3.1;
						TestTargetID = 3FAB490327C4EC10000236A2;
					};
				};
			};
			buildConfigurationList = 3FAB48FF27C4EC0F000236A2 /* Build configuration list for PBXProject "ARKit rudraksh" */;
			compatibilityVersion = "Xcode 9.3";
			developmentRegion = en;
			hasScannedForEncodings = 0;
			knownRegions = (
				en,
				Base,
			);
			mainGroup = 3FAB48FB27C4EC0F000236A2;
			productRefGroup = 3FAB490527C4EC10000236A2 /* Products */;
			projectDirPath = "";
			projectRoot = "";
			targets = (
				3FAB490327C4EC10000236A2 /* ARKit rudraksh */,
				3FAB491927C4EC41000236A2 /* ARKit rudrakshTests */,
				3FAB492427C4EC41000236A2 /* ARKit rudrakshUITests */,
			);
		};
/* End PBXProject section */

/* Begin PBXResourcesBuildPhase section */
		3FAB490227C4EC10000236A2 /* Resources */ = {
			isa = PBXResourcesBuildPhase;
			buildActionMask = 2147483647;
			files = (
				3FAB490A27C4EC10000236A2 /* art.scnassets in Resources */,
				3FAB491427C4EC3F000236A2 /* LaunchScreen.storyboard in Resources */,
				3FAB491127C4EC3F000236A2 /* Assets.xcassets in Resources */,
				3FAB490F27C4EC10000236A2 /* Main.storyboard in Resources */,
			);
			runOnlyForDeploymentPostprocessing = 0;
		};
		3FAB491827C4EC41000236A2 /* Resources */ = {
			isa = PBXResourcesBuildPhase;
			buildActionMask = 2147483647;
			files = (
			);
			runOnlyForDeploymentPostprocessing = 0;
		};
		3FAB492327C4EC41000236A2 /* Resources */ = {
			isa = PBXResourcesBuildPhase;
			buildActionMask = 2147483647;
			files = (
			);
			runOnlyForDeploymentPostprocessing = 0;
		};
/* End PBXResourcesBuildPhase section */

/* Begin PBXSourcesBuildPhase section */
		3FAB490027C4EC10000236A2 /* Sources */ = {
			isa = PBXSourcesBuildPhase;
			buildActionMask = 2147483647;
			files = (
				3FAB490C27C4EC10000236A2 /* ViewController.swift in Sources */,
				3FAB490827C4EC10000236A2 /* AppDelegate.swift in Sources */,
			);
			runOnlyForDeploymentPostprocessing = 0;
		};
		3FAB491627C4EC41000236A2 /* Sources */ = {
			isa = PBXSourcesBuildPhase;
			buildActionMask = 2147483647;
			files = (
				3FAB491F27C4EC41000236A2 /* ARKit_rudrakshTests.swift in Sources */,
			);
			runOnlyForDeploymentPostprocessing = 0;
		};
		3FAB492127C4EC41000236A2 /* Sources */ = {
			isa = PBXSourcesBuildPhase;
			buildActionMask = 2147483647;
			files = (
				3FAB492A27C4EC41000236A2 /* ARKit_rudrakshUITests.swift in Sources */,
			);
			runOnlyForDeploymentPostprocessing = 0;
		};
/* End PBXSourcesBuildPhase section */

/* Begin PBXTargetDependency section */
		3FAB491C27C4EC41000236A2 /* PBXTargetDependency */ = {
			isa = PBXTargetDependency;
			target = 3FAB490327C4EC10000236A2 /* ARKit rudraksh */;
			targetProxy = 3FAB491B27C4EC41000236A2 /* PBXContainerItemProxy */;
		};
		3FAB492727C4EC41000236A2 /* PBXTargetDependency */ = {
			isa = PBXTargetDependency;
			target = 3FAB490327C4EC10000236A2 /* ARKit rudraksh */;
			targetProxy = 3FAB492627C4EC41000236A2 /* PBXContainerItemProxy */;
		};
/* End PBXTargetDependency section */

/* Begin PBXVariantGroup section */
		3FAB490D27C4EC10000236A2 /* Main.storyboard */ = {
			isa = PBXVariantGroup;
			children = (
				3FAB490E27C4EC10000236A2 /* Base */,
			);
			name = Main.storyboard;
			sourceTree = "<group>";
		};
		3FAB491227C4EC3F000236A2 /* LaunchScreen.storyboard */ = {
			isa = PBXVariantGroup;
			children = (
				3FAB491327C4EC3F000236A2 /* Base */,
			);
			name = LaunchScreen.storyboard;
			sourceTree = "<group>";
		};
/* End PBXVariantGroup section */

/* Begin XCBuildConfiguration section */
		3FAB492C27C4EC41000236A2 /* Debug */ = {
			isa = XCBuildConfiguration;
			buildSettings = {
				ALWAYS_SEARCH_USER_PATHS = NO;
				CLANG_ANALYZER_NONNULL = YES;
				CLANG_ANALYZER_NUMBER_OBJECT_CONVERSION = YES_AGGRESSIVE;
				CLANG_CXX_LANGUAGE_STANDARD = "gnu++14";
				CLANG_CXX_LIBRARY = "libc++";
				CLANG_ENABLE_MODULES = YES;
				CLANG_ENABLE_OBJC_ARC = YES;
				CLANG_ENABLE_OBJC_WEAK = YES;
				CLANG_WARN_BLOCK_CAPTURE_AUTORELEASING = YES;
				CLANG_WARN_BOOL_CONVERSION = YES;
				CLANG_WARN_COMMA = YES;
				CLANG_WARN_CONSTANT_CONVERSION = YES;
				CLANG_WARN_DEPRECATED_OBJC_IMPLEMENTATIONS = YES;
				CLANG_WARN_DIRECT_OBJC_ISA_USAGE = YES_ERROR;
				CLANG_WARN_DOCUMENTATION_COMMENTS = YES;
				CLANG_WARN_EMPTY_BODY = YES;
				CLANG_WARN_ENUM_CONVERSION = YES;
				CLANG_WARN_INFINITE_RECURSION = YES;
				CLANG_WARN_INT_CONVERSION = YES;
				CLANG_WARN_NON_LITERAL_NULL_CONVERSION = YES;
				CLANG_WARN_OBJC_IMPLICIT_RETAIN_SELF = YES;
				CLANG_WARN_OBJC_LITERAL_CONVERSION = YES;
				CLANG_WARN_OBJC_ROOT_CLASS = YES_ERROR;
				CLANG_WARN_RANGE_LOOP_ANALYSIS = YES;
				CLANG_WARN_STRICT_PROTOTYPES = YES;
				CLANG_WARN_SUSPICIOUS_MOVE = YES;
				CLANG_WARN_UNGUARDED_AVAILABILITY = YES_AGGRESSIVE;
				CLANG_WARN_UNREACHABLE_CODE = YES;
				CLANG_WARN__DUPLICATE_METHOD_MATCH = YES;
				COPY_PHASE_STRIP = NO;
				DEBUG_INFORMATION_FORMAT = dwarf;
				ENABLE_STRICT_OBJC_MSGSEND = YES;
				ENABLE_TESTABILITY = YES;
				GCC_C_LANGUAGE_STANDARD = gnu11;
				GCC_DYNAMIC_NO_PIC = NO;
				GCC_NO_COMMON_BLOCKS = YES;
				GCC_OPTIMIZATION_LEVEL = 0;
				GCC_PREPROCESSOR_DEFINITIONS = (
					"DEBUG=1",
					"$(inherited)",
				);
				GCC_WARN_64_TO_32_BIT_CONVERSION = YES;
				GCC_WARN_ABOUT_RETURN_TYPE = YES_ERROR;
				GCC_WARN_UNDECLARED_SELECTOR = YES;
				GCC_WARN_UNINITIALIZED_AUTOS = YES_AGGRESSIVE;
				GCC_WARN_UNUSED_FUNCTION = YES;
				GCC_WARN_UNUSED_VARIABLE = YES;
				IPHONEOS_DEPLOYMENT_TARGET = 13.2;
				MTL_ENABLE_DEBUG_INFO = INCLUDE_SOURCE;
				MTL_FAST_MATH = YES;
				ONLY_ACTIVE_ARCH = YES;
				SDKROOT = iphoneos;
				SWIFT_ACTIVE_COMPILATION_CONDITIONS = DEBUG;
				SWIFT_OPTIMIZATION_LEVEL = "-Onone";
			};
			name = Debug;
		};
		3FAB492D27C4EC41000236A2 /* Release */ = {
			isa = XCBuildConfiguration;
			buildSettings = {
				ALWAYS_SEARCH_USER_PATHS = NO;
				CLANG_ANALYZER_NONNULL = YES;
				CLANG_ANALYZER_NUMBER_OBJECT_CONVERSION = YES_AGGRESSIVE;
				CLANG_CXX_LANGUAGE_STANDARD = "gnu++14";
				CLANG_CXX_LIBRARY = "libc++";
				CLANG_ENABLE_MODULES = YES;
				CLANG_ENABLE_OBJC_ARC = YES;
				CLANG_ENABLE_OBJC_WEAK = YES;
				CLANG_WARN_BLOCK_CAPTURE_AUTORELEASING = YES;
				CLANG_WARN_BOOL_CONVERSION = YES;
				CLANG_WARN_COMMA = YES;
				CLANG_WARN_CONSTANT_CONVERSION = YES;
				CLANG_WARN_DEPRECATED_OBJC_IMPLEMENTATIONS = YES;
				CLANG_WARN_DIRECT_OBJC_ISA_USAGE = YES_ERROR;
				CLANG_WARN_DOCUMENTATION_COMMENTS = YES;
				CLANG_WARN_EMPTY_BODY = YES;
				CLANG_WARN_ENUM_CONVERSION = YES;
				CLANG_WARN_INFINITE_RECURSION = YES;
				CLANG_WARN_INT_CONVERSION = YES;
				CLANG_WARN_NON_LITERAL_NULL_CONVERSION = YES;
				CLANG_WARN_OBJC_IMPLICIT_RETAIN_SELF = YES;
				CLANG_WARN_OBJC_LITERAL_CONVERSION = YES;
				CLANG_WARN_OBJC_ROOT_CLASS = YES_ERROR;
				CLANG_WARN_RANGE_LOOP_ANALYSIS = YES;
				CLANG_WARN_STRICT_PROTOTYPES = YES;
				CLANG_WARN_SUSPICIOUS_MOVE = YES;
				CLANG_WARN_UNGUARDED_AVAILABILITY = YES_AGGRESSIVE;
				CLANG_WARN_UNREACHABLE_CODE = YES;
				CLANG_WARN__DUPLICATE_METHOD_MATCH = YES;
				COPY_PHASE_STRIP = NO;
				DEBUG_INFORMATION_FORMAT = "dwarf-with-dsym";
				ENABLE_NS_ASSERTIONS = NO;
				ENABLE_STRICT_OBJC_MSGSEND = YES;
				GCC_C_LANGUAGE_STANDARD = gnu11;
				GCC_NO_COMMON_BLOCKS = YES;
				GCC_WARN_64_TO_32_BIT_CONVERSION = YES;
				GCC_WARN_ABOUT_RETURN_TYPE = YES_ERROR;
				GCC_WARN_UNDECLARED_SELECTOR = YES;
				GCC_WARN_UNINITIALIZED_AUTOS = YES_AGGRESSIVE;
				GCC_WARN_UNUSED_FUNCTION = YES;
				GCC_WARN_UNUSED_VARIABLE = YES;
				IPHONEOS_DEPLOYMENT_TARGET = 13.2;
				MTL_ENABLE_DEBUG_INFO = NO;
				MTL_FAST_MATH = YES;
				SDKROOT = iphoneos;
				SWIFT_COMPILATION_MODE = wholemodule;
				SWIFT_OPTIMIZATION_LEVEL = "-O";
				VALIDATE_PRODUCT = YES;
			};
			name = Release;
		};
		3FAB492F27C4EC41000236A2 /* Debug */ = {
			isa = XCBuildConfiguration;
			buildSettings = {
				ASSETCATALOG_COMPILER_APPICON_NAME = AppIcon;
				CODE_SIGN_STYLE = Automatic;
				INFOPLIST_FILE = "ARKit rudraksh/Info.plist";
				LD_RUNPATH_SEARCH_PATHS = (
					"$(inherited)",
					"@executable_path/Frameworks",
				);
				PRODUCT_BUNDLE_IDENTIFIER = "svvv.edu.in.ARKit-rudraksh";
				PRODUCT_NAME = "$(TARGET_NAME)";
				SWIFT_VERSION = 5.0;
				TARGETED_DEVICE_FAMILY = "1,2";
			};
			name = Debug;
		};
		3FAB493027C4EC41000236A2 /* Release */ = {
			isa = XCBuildConfiguration;
			buildSettings = {
				ASSETCATALOG_COMPILER_APPICON_NAME = AppIcon;
				CODE_SIGN_STYLE = Automatic;
				INFOPLIST_FILE = "ARKit rudraksh/Info.plist";
				LD_RUNPATH_SEARCH_PATHS = (
					"$(inherited)",
					"@executable_path/Frameworks",
				);
				PRODUCT_BUNDLE_IDENTIFIER = "svvv.edu.in.ARKit-rudraksh";
				PRODUCT_NAME = "$(TARGET_NAME)";
				SWIFT_VERSION = 5.0;
				TARGETED_DEVICE_FAMILY = "1,2";
			};
			name = Release;
		};
		3FAB493227C4EC41000236A2 /* Debug */ = {
			isa = XCBuildConfiguration;
			buildSettings = {
				ALWAYS_EMBED_SWIFT_STANDARD_LIBRARIES = YES;
				BUNDLE_LOADER = "$(TEST_HOST)";
				CODE_SIGN_STYLE = Automatic;
				INFOPLIST_FILE = "ARKit rudrakshTests/Info.plist";
				IPHONEOS_DEPLOYMENT_TARGET = 13.2;
				LD_RUNPATH_SEARCH_PATHS = (
					"$(inherited)",
					"@executable_path/Frameworks",
					"@loader_path/Frameworks",
				);
				PRODUCT_BUNDLE_IDENTIFIER = "svvv.edu.in.ARKit-rudrakshTests";
				PRODUCT_NAME = "$(TARGET_NAME)";
				SWIFT_VERSION = 5.0;
				TARGETED_DEVICE_FAMILY = "1,2";
				TEST_HOST = "$(BUILT_PRODUCTS_DIR)/ARKit rudraksh.app/ARKit rudraksh";
			};
			name = Debug;
		};
		3FAB493327C4EC41000236A2 /* Release */ = {
			isa = XCBuildConfiguration;
			buildSettings = {
				ALWAYS_EMBED_SWIFT_STANDARD_LIBRARIES = YES;
				BUNDLE_LOADER = "$(TEST_HOST)";
				CODE_SIGN_STYLE = Automatic;
				INFOPLIST_FILE = "ARKit rudrakshTests/Info.plist";
				IPHONEOS_DEPLOYMENT_TARGET = 13.2;
				LD_RUNPATH_SEARCH_PATHS = (
					"$(inherited)",
					"@executable_path/Frameworks",
					"@loader_path/Frameworks",
				);
				PRODUCT_BUNDLE_IDENTIFIER = "svvv.edu.in.ARKit-rudrakshTests";
				PRODUCT_NAME = "$(TARGET_NAME)";
				SWIFT_VERSION = 5.0;
				TARGETED_DEVICE_FAMILY = "1,2";
				TEST_HOST = "$(BUILT_PRODUCTS_DIR)/ARKit rudraksh.app/ARKit rudraksh";
			};
			name = Release;
		};
		3FAB493527C4EC41000236A2 /* Debug */ = {
			isa = XCBuildConfiguration;
			buildSettings = {
				ALWAYS_EMBED_SWIFT_STANDARD_LIBRARIES = YES;
				CODE_SIGN_STYLE = Automatic;
				INFOPLIST_FILE = "ARKit rudrakshUITests/Info.plist";
				LD_RUNPATH_SEARCH_PATHS = (
					"$(inherited)",
					"@executable_path/Frameworks",
					"@loader_path/Frameworks",
				);
				PRODUCT_BUNDLE_IDENTIFIER = "svvv.edu.in.ARKit-rudrakshUITests";
				PRODUCT_NAME = "$(TARGET_NAME)";
				SWIFT_VERSION = 5.0;
				TARGETED_DEVICE_FAMILY = "1,2";
				TEST_TARGET_NAME = "ARKit rudraksh";
			};
			name = Debug;
		};
		3FAB493627C4EC41000236A2 /* Release */ = {
			isa = XCBuildConfiguration;
			buildSettings = {
				ALWAYS_EMBED_SWIFT_STANDARD_LIBRARIES = YES;
				CODE_SIGN_STYLE = Automatic;
				INFOPLIST_FILE = "ARKit rudrakshUITests/Info.plist";
				LD_RUNPATH_SEARCH_PATHS = (
					"$(inherited)",
					"@executable_path/Frameworks",
					"@loader_path/Frameworks",
				);
				PRODUCT_BUNDLE_IDENTIFIER = "svvv.edu.in.ARKit-rudrakshUITests";
				PRODUCT_NAME = "$(TARGET_NAME)";
				SWIFT_VERSION = 5.0;
				TARGETED_DEVICE_FAMILY = "1,2";
				TEST_TARGET_NAME = "ARKit rudraksh";
			};
			name = Release;
		};
/* End XCBuildConfiguration section */

/* Begin XCConfigurationList section */
		3FAB48FF27C4EC0F000236A2 /* Build configuration list for PBXProject "ARKit rudraksh" */ = {
			isa = XCConfigurationList;
			buildConfigurations = (
				3FAB492C27C4EC41000236A2 /* Debug */,
				3FAB492D27C4EC41000236A2 /* Release */,
			);
			defaultConfigurationIsVisible = 0;
			defaultConfigurationName = Release;
		};
		3FAB492E27C4EC41000236A2 /* Build configuration list for PBXNativeTarget "ARKit rudraksh" */ = {
			isa = XCConfigurationList;
			buildConfigurations = (
				3FAB492F27C4EC41000236A2 /* Debug */,
				3FAB493027C4EC41000236A2 /* Release */,
			);
			defaultConfigurationIsVisible = 0;
			defaultConfigurationName = Release;
		};
		3FAB493127C4EC41000236A2 /* Build configuration list for PBXNativeTarget "ARKit rudrakshTests" */ = {
			isa = XCConfigurationList;
			buildConfigurations = (
				3FAB493227C4EC41000236A2 /* Debug */,
				3FAB493327C4EC41000236A2 /* Release */,
			);
			defaultConfigurationIsVisible = 0;
			defaultConfigurationName = Release;
		};
		3FAB493427C4EC41000236A2 /* Build configuration list for PBXNativeTarget "ARKit rudrakshUITests" */ = {
			isa = XCConfigurationList;
			buildConfigurations = (
				3FAB493527C4EC41000236A2 /* Debug */,
				3FAB493627C4EC41000236A2 /* Release */,
			);
			defaultConfigurationIsVisible = 0;
			defaultConfigurationName = Release;
		};
/* End XCConfigurationList section */
	};
	rootObject = 3FAB48FC27C4EC0F000236A2 /* Project object */;
}
