// !$*UTF8*$!
{
	archiveVersion = 1;
	classes = {
	};
	objectVersion = 50;
	objects = {

/* Begin PBXBuildFile section */
		3FE61C572816896D00874D02 /* AppDelegate.swift in Sources */ = {isa = PBXBuildFile; fileRef = 3FE61C562816896D00874D02 /* AppDelegate.swift */; };
		3FE61C592816896D00874D02 /* art.scnassets in Resources */ = {isa = PBXBuildFile; fileRef = 3FE61C582816896D00874D02 /* art.scnassets */; };
		3FE61C5B2816896E00874D02 /* ViewController.swift in Sources */ = {isa = PBXBuildFile; fileRef = 3FE61C5A2816896E00874D02 /* ViewController.swift */; };
		3FE61C5E2816896F00874D02 /* Main.storyboard in Resources */ = {isa = PBXBuildFile; fileRef = 3FE61C5C2816896F00874D02 /* Main.storyboard */; };
		3FE61C602816899200874D02 /* Assets.xcassets in Resources */ = {isa = PBXBuildFile; fileRef = 3FE61C5F2816899200874D02 /* Assets.xcassets */; };
		3FE61C632816899200874D02 /* LaunchScreen.storyboard in Resources */ = {isa = PBXBuildFile; fileRef = 3FE61C612816899200874D02 /* LaunchScreen.storyboard */; };
		3FE61C6E281689A100874D02 /* Plane_DetectionTests.swift in Sources */ = {isa = PBXBuildFile; fileRef = 3FE61C6D281689A100874D02 /* Plane_DetectionTests.swift */; };
		3FE61C79281689A100874D02 /* Plane_DetectionUITests.swift in Sources */ = {isa = PBXBuildFile; fileRef = 3FE61C78281689A100874D02 /* Plane_DetectionUITests.swift */; };
/* End PBXBuildFile section */

/* Begin PBXContainerItemProxy section */
		3FE61C6A281689A100874D02 /* PBXContainerItemProxy */ = {
			isa = PBXContainerItemProxy;
			containerPortal = 3FE61C4B2816896900874D02 /* Project object */;
			proxyType = 1;
			remoteGlobalIDString = 3FE61C522816896A00874D02;
			remoteInfo = "Plane Detection";
		};
		3FE61C75281689A100874D02 /* PBXContainerItemProxy */ = {
			isa = PBXContainerItemProxy;
			containerPortal = 3FE61C4B2816896900874D02 /* Project object */;
			proxyType = 1;
			remoteGlobalIDString = 3FE61C522816896A00874D02;
			remoteInfo = "Plane Detection";
		};
/* End PBXContainerItemProxy section */

/* Begin PBXFileReference section */
		3FE61C532816896C00874D02 /* Plane Detection.app */ = {isa = PBXFileReference; explicitFileType = wrapper.application; includeInIndex = 0; path = "Plane Detection.app"; sourceTree = BUILT_PRODUCTS_DIR; };
		3FE61C562816896D00874D02 /* AppDelegate.swift */ = {isa = PBXFileReference; lastKnownFileType = sourcecode.swift; path = AppDelegate.swift; sourceTree = "<group>"; };
		3FE61C582816896D00874D02 /* art.scnassets */ = {isa = PBXFileReference; lastKnownFileType = wrapper.scnassets; path = art.scnassets; sourceTree = "<group>"; };
		3FE61C5A2816896E00874D02 /* ViewController.swift */ = {isa = PBXFileReference; lastKnownFileType = sourcecode.swift; path = ViewController.swift; sourceTree = "<group>"; };
		3FE61C5D2816896F00874D02 /* Base */ = {isa = PBXFileReference; lastKnownFileType = file.storyboard; name = Base; path = Base.lproj/Main.storyboard; sourceTree = "<group>"; };
		3FE61C5F2816899200874D02 /* Assets.xcassets */ = {isa = PBXFileReference; lastKnownFileType = folder.assetcatalog; path = Assets.xcassets; sourceTree = "<group>"; };
		3FE61C622816899200874D02 /* Base */ = {isa = PBXFileReference; lastKnownFileType = file.storyboard; name = Base; path = Base.lproj/LaunchScreen.storyboard; sourceTree = "<group>"; };
		3FE61C642816899200874D02 /* Info.plist */ = {isa = PBXFileReference; lastKnownFileType = text.plist.xml; path = Info.plist; sourceTree = "<group>"; };
		3FE61C69281689A100874D02 /* Plane DetectionTests.xctest */ = {isa = PBXFileReference; explicitFileType = wrapper.cfbundle; includeInIndex = 0; path = "Plane DetectionTests.xctest"; sourceTree = BUILT_PRODUCTS_DIR; };
		3FE61C6D281689A100874D02 /* Plane_DetectionTests.swift */ = {isa = PBXFileReference; lastKnownFileType = sourcecode.swift; path = Plane_DetectionTests.swift; sourceTree = "<group>"; };
		3FE61C6F281689A100874D02 /* Info.plist */ = {isa = PBXFileReference; lastKnownFileType = text.plist.xml; path = Info.plist; sourceTree = "<group>"; };
		3FE61C74281689A100874D02 /* Plane DetectionUITests.xctest */ = {isa = PBXFileReference; explicitFileType = wrapper.cfbundle; includeInIndex = 0; path = "Plane DetectionUITests.xctest"; sourceTree = BUILT_PRODUCTS_DIR; };
		3FE61C78281689A100874D02 /* Plane_DetectionUITests.swift */ = {isa = PBXFileReference; lastKnownFileType = sourcecode.swift; path = Plane_DetectionUITests.swift; sourceTree = "<group>"; };
		3FE61C7A281689A100874D02 /* Info.plist */ = {isa = PBXFileReference; lastKnownFileType = text.plist.xml; path = Info.plist; sourceTree = "<group>"; };
/* End PBXFileReference section */

/* Begin PBXFrameworksBuildPhase section */
		3FE61C502816896A00874D02 /* Frameworks */ = {
			isa = PBXFrameworksBuildPhase;
			buildActionMask = 2147483647;
			files = (
			);
			runOnlyForDeploymentPostprocessing = 0;
		};
		3FE61C66281689A100874D02 /* Frameworks */ = {
			isa = PBXFrameworksBuildPhase;
			buildActionMask = 2147483647;
			files = (
			);
			runOnlyForDeploymentPostprocessing = 0;
		};
		3FE61C71281689A100874D02 /* Frameworks */ = {
			isa = PBXFrameworksBuildPhase;
			buildActionMask = 2147483647;
			files = (
			);
			runOnlyForDeploymentPostprocessing = 0;
		};
/* End PBXFrameworksBuildPhase section */

/* Begin PBXGroup section */
		3FE61C4A2816896900874D02 = {
			isa = PBXGroup;
			children = (
				3FE61C552816896C00874D02 /* Plane Detection */,
				3FE61C6C281689A100874D02 /* Plane DetectionTests */,
				3FE61C77281689A100874D02 /* Plane DetectionUITests */,
				3FE61C542816896C00874D02 /* Products */,
			);
			sourceTree = "<group>";
		};
		3FE61C542816896C00874D02 /* Products */ = {
			isa = PBXGroup;
			children = (
				3FE61C532816896C00874D02 /* Plane Detection.app */,
				3FE61C69281689A100874D02 /* Plane DetectionTests.xctest */,
				3FE61C74281689A100874D02 /* Plane DetectionUITests.xctest */,
			);
			name = Products;
			sourceTree = "<group>";
		};
		3FE61C552816896C00874D02 /* Plane Detection */ = {
			isa = PBXGroup;
			children = (
				3FE61C562816896D00874D02 /* AppDelegate.swift */,
				3FE61C582816896D00874D02 /* art.scnassets */,
				3FE61C5A2816896E00874D02 /* ViewController.swift */,
				3FE61C5C2816896F00874D02 /* Main.storyboard */,
				3FE61C5F2816899200874D02 /* Assets.xcassets */,
				3FE61C612816899200874D02 /* LaunchScreen.storyboard */,
				3FE61C642816899200874D02 /* Info.plist */,
			);
			path = "Plane Detection";
			sourceTree = "<group>";
		};
		3FE61C6C281689A100874D02 /* Plane DetectionTests */ = {
			isa = PBXGroup;
			children = (
				3FE61C6D281689A100874D02 /* Plane_DetectionTests.swift */,
				3FE61C6F281689A100874D02 /* Info.plist */,
			);
			path = "Plane DetectionTests";
			sourceTree = "<group>";
		};
		3FE61C77281689A100874D02 /* Plane DetectionUITests */ = {
			isa = PBXGroup;
			children = (
				3FE61C78281689A100874D02 /* Plane_DetectionUITests.swift */,
				3FE61C7A281689A100874D02 /* Info.plist */,
			);
			path = "Plane DetectionUITests";
			sourceTree = "<group>";
		};
/* End PBXGroup section */

/* Begin PBXNativeTarget section */
		3FE61C522816896A00874D02 /* Plane Detection */ = {
			isa = PBXNativeTarget;
			buildConfigurationList = 3FE61C7D281689A100874D02 /* Build configuration list for PBXNativeTarget "Plane Detection" */;
			buildPhases = (
				3FE61C4F2816896A00874D02 /* Sources */,
				3FE61C502816896A00874D02 /* Frameworks */,
				3FE61C512816896A00874D02 /* Resources */,
			);
			buildRules = (
			);
			dependencies = (
			);
			name = "Plane Detection";
			productName = "Plane Detection";
			productReference = 3FE61C532816896C00874D02 /* Plane Detection.app */;
			productType = "com.apple.product-type.application";
		};
		3FE61C68281689A100874D02 /* Plane DetectionTests */ = {
			isa = PBXNativeTarget;
			buildConfigurationList = 3FE61C80281689A100874D02 /* Build configuration list for PBXNativeTarget "Plane DetectionTests" */;
			buildPhases = (
				3FE61C65281689A100874D02 /* Sources */,
				3FE61C66281689A100874D02 /* Frameworks */,
				3FE61C67281689A100874D02 /* Resources */,
			);
			buildRules = (
			);
			dependencies = (
				3FE61C6B281689A100874D02 /* PBXTargetDependency */,
			);
			name = "Plane DetectionTests";
			productName = "Plane DetectionTests";
			productReference = 3FE61C69281689A100874D02 /* Plane DetectionTests.xctest */;
			productType = "com.apple.product-type.bundle.unit-test";
		};
		3FE61C73281689A100874D02 /* Plane DetectionUITests */ = {
			isa = PBXNativeTarget;
			buildConfigurationList = 3FE61C83281689A100874D02 /* Build configuration list for PBXNativeTarget "Plane DetectionUITests" */;
			buildPhases = (
				3FE61C70281689A100874D02 /* Sources */,
				3FE61C71281689A100874D02 /* Frameworks */,
				3FE61C72281689A100874D02 /* Resources */,
			);
			buildRules = (
			);
			dependencies = (
				3FE61C76281689A100874D02 /* PBXTargetDependency */,
			);
			name = "Plane DetectionUITests";
			productName = "Plane DetectionUITests";
			productReference = 3FE61C74281689A100874D02 /* Plane DetectionUITests.xctest */;
			productType = "com.apple.product-type.bundle.ui-testing";
		};
/* End PBXNativeTarget section */

/* Begin PBXProject section */
		3FE61C4B2816896900874D02 /* Project object */ = {
			isa = PBXProject;
			attributes = {
				LastSwiftUpdateCheck = 1230;
				LastUpgradeCheck = 1230;
				TargetAttributes = {
					3FE61C522816896A00874D02 = {
						CreatedOnToolsVersion = 12.3;
					};
					3FE61C68281689A100874D02 = {
						CreatedOnToolsVersion = 12.3;
						TestTargetID = 3FE61C522816896A00874D02;
					};
					3FE61C73281689A100874D02 = {
						CreatedOnToolsVersion = 12.3;
						TestTargetID = 3FE61C522816896A00874D02;
					};
				};
			};
			buildConfigurationList = 3FE61C4E2816896A00874D02 /* Build configuration list for PBXProject "Plane Detection" */;
			compatibilityVersion = "Xcode 9.3";
			developmentRegion = en;
			hasScannedForEncodings = 0;
			knownRegions = (
				en,
				Base,
			);
			mainGroup = 3FE61C4A2816896900874D02;
			productRefGroup = 3FE61C542816896C00874D02 /* Products */;
			projectDirPath = "";
			projectRoot = "";
			targets = (
				3FE61C522816896A00874D02 /* Plane Detection */,
				3FE61C68281689A100874D02 /* Plane DetectionTests */,
				3FE61C73281689A100874D02 /* Plane DetectionUITests */,
			);
		};
/* End PBXProject section */

/* Begin PBXResourcesBuildPhase section */
		3FE61C512816896A00874D02 /* Resources */ = {
			isa = PBXResourcesBuildPhase;
			buildActionMask = 2147483647;
			files = (
				3FE61C592816896D00874D02 /* art.scnassets in Resources */,
				3FE61C632816899200874D02 /* LaunchScreen.storyboard in Resources */,
				3FE61C602816899200874D02 /* Assets.xcassets in Resources */,
				3FE61C5E2816896F00874D02 /* Main.storyboard in Resources */,
			);
			runOnlyForDeploymentPostprocessing = 0;
		};
		3FE61C67281689A100874D02 /* Resources */ = {
			isa = PBXResourcesBuildPhase;
			buildActionMask = 2147483647;
			files = (
			);
			runOnlyForDeploymentPostprocessing = 0;
		};
		3FE61C72281689A100874D02 /* Resources */ = {
			isa = PBXResourcesBuildPhase;
			buildActionMask = 2147483647;
			files = (
			);
			runOnlyForDeploymentPostprocessing = 0;
		};
/* End PBXResourcesBuildPhase section */

/* Begin PBXSourcesBuildPhase section */
		3FE61C4F2816896A00874D02 /* Sources */ = {
			isa = PBXSourcesBuildPhase;
			buildActionMask = 2147483647;
			files = (
				3FE61C5B2816896E00874D02 /* ViewController.swift in Sources */,
				3FE61C572816896D00874D02 /* AppDelegate.swift in Sources */,
			);
			runOnlyForDeploymentPostprocessing = 0;
		};
		3FE61C65281689A100874D02 /* Sources */ = {
			isa = PBXSourcesBuildPhase;
			buildActionMask = 2147483647;
			files = (
				3FE61C6E281689A100874D02 /* Plane_DetectionTests.swift in Sources */,
			);
			runOnlyForDeploymentPostprocessing = 0;
		};
		3FE61C70281689A100874D02 /* Sources */ = {
			isa = PBXSourcesBuildPhase;
			buildActionMask = 2147483647;
			files = (
				3FE61C79281689A100874D02 /* Plane_DetectionUITests.swift in Sources */,
			);
			runOnlyForDeploymentPostprocessing = 0;
		};
/* End PBXSourcesBuildPhase section */

/* Begin PBXTargetDependency section */
		3FE61C6B281689A100874D02 /* PBXTargetDependency */ = {
			isa = PBXTargetDependency;
			target = 3FE61C522816896A00874D02 /* Plane Detection */;
			targetProxy = 3FE61C6A281689A100874D02 /* PBXContainerItemProxy */;
		};
		3FE61C76281689A100874D02 /* PBXTargetDependency */ = {
			isa = PBXTargetDependency;
			target = 3FE61C522816896A00874D02 /* Plane Detection */;
			targetProxy = 3FE61C75281689A100874D02 /* PBXContainerItemProxy */;
		};
/* End PBXTargetDependency section */

/* Begin PBXVariantGroup section */
		3FE61C5C2816896F00874D02 /* Main.storyboard */ = {
			isa = PBXVariantGroup;
			children = (
				3FE61C5D2816896F00874D02 /* Base */,
			);
			name = Main.storyboard;
			sourceTree = "<group>";
		};
		3FE61C612816899200874D02 /* LaunchScreen.storyboard */ = {
			isa = PBXVariantGroup;
			children = (
				3FE61C622816899200874D02 /* Base */,
			);
			name = LaunchScreen.storyboard;
			sourceTree = "<group>";
		};
/* End PBXVariantGroup section */

/* Begin XCBuildConfiguration section */
		3FE61C7B281689A100874D02 /* Debug */ = {
			isa = XCBuildConfiguration;
			buildSettings = {
				ALWAYS_SEARCH_USER_PATHS = NO;
				CLANG_ANALYZER_NONNULL = YES;
				CLANG_ANALYZER_NUMBER_OBJECT_CONVERSION = YES_AGGRESSIVE;
				CLANG_CXX_LANGUAGE_STANDARD = "gnu++14";
				CLANG_CXX_LIBRARY = "libc++";
				CLANG_ENABLE_MODULES = YES;
				CLANG_ENABLE_OBJC_ARC = YES;
				CLANG_ENABLE_OBJC_WEAK = YES;
				CLANG_WARN_BLOCK_CAPTURE_AUTORELEASING = YES;
				CLANG_WARN_BOOL_CONVERSION = YES;
				CLANG_WARN_COMMA = YES;
				CLANG_WARN_CONSTANT_CONVERSION = YES;
				CLANG_WARN_DEPRECATED_OBJC_IMPLEMENTATIONS = YES;
				CLANG_WARN_DIRECT_OBJC_ISA_USAGE = YES_ERROR;
				CLANG_WARN_DOCUMENTATION_COMMENTS = YES;
				CLANG_WARN_EMPTY_BODY = YES;
				CLANG_WARN_ENUM_CONVERSION = YES;
				CLANG_WARN_INFINITE_RECURSION = YES;
				CLANG_WARN_INT_CONVERSION = YES;
				CLANG_WARN_NON_LITERAL_NULL_CONVERSION = YES;
				CLANG_WARN_OBJC_IMPLICIT_RETAIN_SELF = YES;
				CLANG_WARN_OBJC_LITERAL_CONVERSION = YES;
				CLANG_WARN_OBJC_ROOT_CLASS = YES_ERROR;
				CLANG_WARN_QUOTED_INCLUDE_IN_FRAMEWORK_HEADER = YES;
				CLANG_WARN_RANGE_LOOP_ANALYSIS = YES;
				CLANG_WARN_STRICT_PROTOTYPES = YES;
				CLANG_WARN_SUSPICIOUS_MOVE = YES;
				CLANG_WARN_UNGUARDED_AVAILABILITY = YES_AGGRESSIVE;
				CLANG_WARN_UNREACHABLE_CODE = YES;
				CLANG_WARN__DUPLICATE_METHOD_MATCH = YES;
				COPY_PHASE_STRIP = NO;
				DEBUG_INFORMATION_FORMAT = dwarf;
				ENABLE_STRICT_OBJC_MSGSEND = YES;
				ENABLE_TESTABILITY = YES;
				GCC_C_LANGUAGE_STANDARD = gnu11;
				GCC_DYNAMIC_NO_PIC = NO;
				GCC_NO_COMMON_BLOCKS = YES;
				GCC_OPTIMIZATION_LEVEL = 0;
				GCC_PREPROCESSOR_DEFINITIONS = (
					"DEBUG=1",
					"$(inherited)",
				);
				GCC_WARN_64_TO_32_BIT_CONVERSION = YES;
				GCC_WARN_ABOUT_RETURN_TYPE = YES_ERROR;
				GCC_WARN_UNDECLARED_SELECTOR = YES;
				GCC_WARN_UNINITIALIZED_AUTOS = YES_AGGRESSIVE;
				GCC_WARN_UNUSED_FUNCTION = YES;
				GCC_WARN_UNUSED_VARIABLE = YES;
				IPHONEOS_DEPLOYMENT_TARGET = 14.3;
				MTL_ENABLE_DEBUG_INFO = INCLUDE_SOURCE;
				MTL_FAST_MATH = YES;
				ONLY_ACTIVE_ARCH = YES;
				SDKROOT = iphoneos;
				SWIFT_ACTIVE_COMPILATION_CONDITIONS = DEBUG;
				SWIFT_OPTIMIZATION_LEVEL = "-Onone";
			};
			name = Debug;
		};
		3FE61C7C281689A100874D02 /* Release */ = {
			isa = XCBuildConfiguration;
			buildSettings = {
				ALWAYS_SEARCH_USER_PATHS = NO;
				CLANG_ANALYZER_NONNULL = YES;
				CLANG_ANALYZER_NUMBER_OBJECT_CONVERSION = YES_AGGRESSIVE;
				CLANG_CXX_LANGUAGE_STANDARD = "gnu++14";
				CLANG_CXX_LIBRARY = "libc++";
				CLANG_ENABLE_MODULES = YES;
				CLANG_ENABLE_OBJC_ARC = YES;
				CLANG_ENABLE_OBJC_WEAK = YES;
				CLANG_WARN_BLOCK_CAPTURE_AUTORELEASING = YES;
				CLANG_WARN_BOOL_CONVERSION = YES;
				CLANG_WARN_COMMA = YES;
				CLANG_WARN_CONSTANT_CONVERSION = YES;
				CLANG_WARN_DEPRECATED_OBJC_IMPLEMENTATIONS = YES;
				CLANG_WARN_DIRECT_OBJC_ISA_USAGE = YES_ERROR;
				CLANG_WARN_DOCUMENTATION_COMMENTS = YES;
				CLANG_WARN_EMPTY_BODY = YES;
				CLANG_WARN_ENUM_CONVERSION = YES;
				CLANG_WARN_INFINITE_RECURSION = YES;
				CLANG_WARN_INT_CONVERSION = YES;
				CLANG_WARN_NON_LITERAL_NULL_CONVERSION = YES;
				CLANG_WARN_OBJC_IMPLICIT_RETAIN_SELF = YES;
				CLANG_WARN_OBJC_LITERAL_CONVERSION = YES;
				CLANG_WARN_OBJC_ROOT_CLASS = YES_ERROR;
				CLANG_WARN_QUOTED_INCLUDE_IN_FRAMEWORK_HEADER = YES;
				CLANG_WARN_RANGE_LOOP_ANALYSIS = YES;
				CLANG_WARN_STRICT_PROTOTYPES = YES;
				CLANG_WARN_SUSPICIOUS_MOVE = YES;
				CLANG_WARN_UNGUARDED_AVAILABILITY = YES_AGGRESSIVE;
				CLANG_WARN_UNREACHABLE_CODE = YES;
				CLANG_WARN__DUPLICATE_METHOD_MATCH = YES;
				COPY_PHASE_STRIP = NO;
				DEBUG_INFORMATION_FORMAT = "dwarf-with-dsym";
				ENABLE_NS_ASSERTIONS = NO;
				ENABLE_STRICT_OBJC_MSGSEND = YES;
				GCC_C_LANGUAGE_STANDARD = gnu11;
				GCC_NO_COMMON_BLOCKS = YES;
				GCC_WARN_64_TO_32_BIT_CONVERSION = YES;
				GCC_WARN_ABOUT_RETURN_TYPE = YES_ERROR;
				GCC_WARN_UNDECLARED_SELECTOR = YES;
				GCC_WARN_UNINITIALIZED_AUTOS = YES_AGGRESSIVE;
				GCC_WARN_UNUSED_FUNCTION = YES;
				GCC_WARN_UNUSED_VARIABLE = YES;
				IPHONEOS_DEPLOYMENT_TARGET = 14.3;
				MTL_ENABLE_DEBUG_INFO = NO;
				MTL_FAST_MATH = YES;
				SDKROOT = iphoneos;
				SWIFT_COMPILATION_MODE = wholemodule;
				SWIFT_OPTIMIZATION_LEVEL = "-O";
				VALIDATE_PRODUCT = YES;
			};
			name = Release;
		};
		3FE61C7E281689A100874D02 /* Debug */ = {
			isa = XCBuildConfiguration;
			buildSettings = {
				ASSETCATALOG_COMPILER_APPICON_NAME = AppIcon;
				ASSETCATALOG_COMPILER_GLOBAL_ACCENT_COLOR_NAME = AccentColor;
				CODE_SIGN_STYLE = Automatic;
				INFOPLIST_FILE = "Plane Detection/Info.plist";
				LD_RUNPATH_SEARCH_PATHS = (
					"$(inherited)",
					"@executable_path/Frameworks",
				);
				PRODUCT_BUNDLE_IDENTIFIER = "svvv.edu.in.Plane-Detection";
				PRODUCT_NAME = "$(TARGET_NAME)";
				SWIFT_VERSION = 5.0;
				TARGETED_DEVICE_FAMILY = "1,2";
			};
			name = Debug;
		};
		3FE61C7F281689A100874D02 /* Release */ = {
			isa = XCBuildConfiguration;
			buildSettings = {
				ASSETCATALOG_COMPILER_APPICON_NAME = AppIcon;
				ASSETCATALOG_COMPILER_GLOBAL_ACCENT_COLOR_NAME = AccentColor;
				CODE_SIGN_STYLE = Automatic;
				INFOPLIST_FILE = "Plane Detection/Info.plist";
				LD_RUNPATH_SEARCH_PATHS = (
					"$(inherited)",
					"@executable_path/Frameworks",
				);
				PRODUCT_BUNDLE_IDENTIFIER = "svvv.edu.in.Plane-Detection";
				PRODUCT_NAME = "$(TARGET_NAME)";
				SWIFT_VERSION = 5.0;
				TARGETED_DEVICE_FAMILY = "1,2";
			};
			name = Release;
		};
		3FE61C81281689A100874D02 /* Debug */ = {
			isa = XCBuildConfiguration;
			buildSettings = {
				ALWAYS_EMBED_SWIFT_STANDARD_LIBRARIES = YES;
				BUNDLE_LOADER = "$(TEST_HOST)";
				CODE_SIGN_STYLE = Automatic;
				INFOPLIST_FILE = "Plane DetectionTests/Info.plist";
				IPHONEOS_DEPLOYMENT_TARGET = 14.3;
				LD_RUNPATH_SEARCH_PATHS = (
					"$(inherited)",
					"@executable_path/Frameworks",
					"@loader_path/Frameworks",
				);
				PRODUCT_BUNDLE_IDENTIFIER = "svvv.edu.in.Plane-DetectionTests";
				PRODUCT_NAME = "$(TARGET_NAME)";
				SWIFT_VERSION = 5.0;
				TARGETED_DEVICE_FAMILY = "1,2";
				TEST_HOST = "$(BUILT_PRODUCTS_DIR)/Plane Detection.app/Plane Detection";
			};
			name = Debug;
		};
		3FE61C82281689A100874D02 /* Release */ = {
			isa = XCBuildConfiguration;
			buildSettings = {
				ALWAYS_EMBED_SWIFT_STANDARD_LIBRARIES = YES;
				BUNDLE_LOADER = "$(TEST_HOST)";
				CODE_SIGN_STYLE = Automatic;
				INFOPLIST_FILE = "Plane DetectionTests/Info.plist";
				IPHONEOS_DEPLOYMENT_TARGET = 14.3;
				LD_RUNPATH_SEARCH_PATHS = (
					"$(inherited)",
					"@executable_path/Frameworks",
					"@loader_path/Frameworks",
				);
				PRODUCT_BUNDLE_IDENTIFIER = "svvv.edu.in.Plane-DetectionTests";
				PRODUCT_NAME = "$(TARGET_NAME)";
				SWIFT_VERSION = 5.0;
				TARGETED_DEVICE_FAMILY = "1,2";
				TEST_HOST = "$(BUILT_PRODUCTS_DIR)/Plane Detection.app/Plane Detection";
			};
			name = Release;
		};
		3FE61C84281689A100874D02 /* Debug */ = {
			isa = XCBuildConfiguration;
			buildSettings = {
				ALWAYS_EMBED_SWIFT_STANDARD_LIBRARIES = YES;
				CODE_SIGN_STYLE = Automatic;
				INFOPLIST_FILE = "Plane DetectionUITests/Info.plist";
				LD_RUNPATH_SEARCH_PATHS = (
					"$(inherited)",
					"@executable_path/Frameworks",
					"@loader_path/Frameworks",
				);
				PRODUCT_BUNDLE_IDENTIFIER = "svvv.edu.in.Plane-DetectionUITests";
				PRODUCT_NAME = "$(TARGET_NAME)";
				SWIFT_VERSION = 5.0;
				TARGETED_DEVICE_FAMILY = "1,2";
				TEST_TARGET_NAME = "Plane Detection";
			};
			name = Debug;
		};
		3FE61C85281689A100874D02 /* Release */ = {
			isa = XCBuildConfiguration;
			buildSettings = {
				ALWAYS_EMBED_SWIFT_STANDARD_LIBRARIES = YES;
				CODE_SIGN_STYLE = Automatic;
				INFOPLIST_FILE = "Plane DetectionUITests/Info.plist";
				LD_RUNPATH_SEARCH_PATHS = (
					"$(inherited)",
					"@executable_path/Frameworks",
					"@loader_path/Frameworks",
				);
				PRODUCT_BUNDLE_IDENTIFIER = "svvv.edu.in.Plane-DetectionUITests";
				PRODUCT_NAME = "$(TARGET_NAME)";
				SWIFT_VERSION = 5.0;
				TARGETED_DEVICE_FAMILY = "1,2";
				TEST_TARGET_NAME = "Plane Detection";
			};
			name = Release;
		};
/* End XCBuildConfiguration section */

/* Begin XCConfigurationList section */
		3FE61C4E2816896A00874D02 /* Build configuration list for PBXProject "Plane Detection" */ = {
			isa = XCConfigurationList;
			buildConfigurations = (
				3FE61C7B281689A100874D02 /* Debug */,
				3FE61C7C281689A100874D02 /* Release */,
			);
			defaultConfigurationIsVisible = 0;
			defaultConfigurationName = Release;
		};
		3FE61C7D281689A100874D02 /* Build configuration list for PBXNativeTarget "Plane Detection" */ = {
			isa = XCConfigurationList;
			buildConfigurations = (
				3FE61C7E281689A100874D02 /* Debug */,
				3FE61C7F281689A100874D02 /* Release */,
			);
			defaultConfigurationIsVisible = 0;
			defaultConfigurationName = Release;
		};
		3FE61C80281689A100874D02 /* Build configuration list for PBXNativeTarget "Plane DetectionTests" */ = {
			isa = XCConfigurationList;
			buildConfigurations = (
				3FE61C81281689A100874D02 /* Debug */,
				3FE61C82281689A100874D02 /* Release */,
			);
			defaultConfigurationIsVisible = 0;
			defaultConfigurationName = Release;
		};
		3FE61C83281689A100874D02 /* Build configuration list for PBXNativeTarget "Plane DetectionUITests" */ = {
			isa = XCConfigurationList;
			buildConfigurations = (
				3FE61C84281689A100874D02 /* Debug */,
				3FE61C85281689A100874D02 /* Release */,
			);
			defaultConfigurationIsVisible = 0;
			defaultConfigurationName = Release;
		};
/* End XCConfigurationList section */
	};
	rootObject = 3FE61C4B2816896900874D02 /* Project object */;
}
