// !$*UTF8*$!
{
	archiveVersion = 1;
	classes = {
	};
	objectVersion = 50;
	objects = {

/* Begin PBXBuildFile section */
		3FD3C43B28041C240080A4C4 /* AppDelegate.swift in Sources */ = {isa = PBXBuildFile; fileRef = 3FD3C43A28041C240080A4C4 /* AppDelegate.swift */; };
		3FD3C43D28041C250080A4C4 /* art.scnassets in Resources */ = {isa = PBXBuildFile; fileRef = 3FD3C43C28041C250080A4C4 /* art.scnassets */; };
		3FD3C43F28041C250080A4C4 /* ViewController.swift in Sources */ = {isa = PBXBuildFile; fileRef = 3FD3C43E28041C250080A4C4 /* ViewController.swift */; };
		3FD3C44228041C250080A4C4 /* Main.storyboard in Resources */ = {isa = PBXBuildFile; fileRef = 3FD3C44028041C250080A4C4 /* Main.storyboard */; };
		3FD3C44428041C2E0080A4C4 /* Assets.xcassets in Resources */ = {isa = PBXBuildFile; fileRef = 3FD3C44328041C2E0080A4C4 /* Assets.xcassets */; };
		3FD3C44728041C2E0080A4C4 /* LaunchScreen.storyboard in Resources */ = {isa = PBXBuildFile; fileRef = 3FD3C44528041C2E0080A4C4 /* LaunchScreen.storyboard */; };
		3FD3C45228041C2F0080A4C4 /* SwipeGestureTests.swift in Sources */ = {isa = PBXBuildFile; fileRef = 3FD3C45128041C2F0080A4C4 /* SwipeGestureTests.swift */; };
		3FD3C45D28041C2F0080A4C4 /* SwipeGestureUITests.swift in Sources */ = {isa = PBXBuildFile; fileRef = 3FD3C45C28041C2F0080A4C4 /* SwipeGestureUITests.swift */; };
/* End PBXBuildFile section */

/* Begin PBXContainerItemProxy section */
		3FD3C44E28041C2F0080A4C4 /* PBXContainerItemProxy */ = {
			isa = PBXContainerItemProxy;
			containerPortal = 3FD3C42F28041C240080A4C4 /* Project object */;
			proxyType = 1;
			remoteGlobalIDString = 3FD3C43628041C240080A4C4;
			remoteInfo = SwipeGesture;
		};
		3FD3C45928041C2F0080A4C4 /* PBXContainerItemProxy */ = {
			isa = PBXContainerItemProxy;
			containerPortal = 3FD3C42F28041C240080A4C4 /* Project object */;
			proxyType = 1;
			remoteGlobalIDString = 3FD3C43628041C240080A4C4;
			remoteInfo = SwipeGesture;
		};
/* End PBXContainerItemProxy section */

/* Begin PBXFileReference section */
		3FD3C43728041C240080A4C4 /* SwipeGesture.app */ = {isa = PBXFileReference; explicitFileType = wrapper.application; includeInIndex = 0; path = SwipeGesture.app; sourceTree = BUILT_PRODUCTS_DIR; };
		3FD3C43A28041C240080A4C4 /* AppDelegate.swift */ = {isa = PBXFileReference; lastKnownFileType = sourcecode.swift; path = AppDelegate.swift; sourceTree = "<group>"; };
		3FD3C43C28041C250080A4C4 /* art.scnassets */ = {isa = PBXFileReference; lastKnownFileType = wrapper.scnassets; path = art.scnassets; sourceTree = "<group>"; };
		3FD3C43E28041C250080A4C4 /* ViewController.swift */ = {isa = PBXFileReference; lastKnownFileType = sourcecode.swift; path = ViewController.swift; sourceTree = "<group>"; };
		3FD3C44128041C250080A4C4 /* Base */ = {isa = PBXFileReference; lastKnownFileType = file.storyboard; name = Base; path = Base.lproj/Main.storyboard; sourceTree = "<group>"; };
		3FD3C44328041C2E0080A4C4 /* Assets.xcassets */ = {isa = PBXFileReference; lastKnownFileType = folder.assetcatalog; path = Assets.xcassets; sourceTree = "<group>"; };
		3FD3C44628041C2E0080A4C4 /* Base */ = {isa = PBXFileReference; lastKnownFileType = file.storyboard; name = Base; path = Base.lproj/LaunchScreen.storyboard; sourceTree = "<group>"; };
		3FD3C44828041C2E0080A4C4 /* Info.plist */ = {isa = PBXFileReference; lastKnownFileType = text.plist.xml; path = Info.plist; sourceTree = "<group>"; };
		3FD3C44D28041C2F0080A4C4 /* SwipeGestureTests.xctest */ = {isa = PBXFileReference; explicitFileType = wrapper.cfbundle; includeInIndex = 0; path = SwipeGestureTests.xctest; sourceTree = BUILT_PRODUCTS_DIR; };
		3FD3C45128041C2F0080A4C4 /* SwipeGestureTests.swift */ = {isa = PBXFileReference; lastKnownFileType = sourcecode.swift; path = SwipeGestureTests.swift; sourceTree = "<group>"; };
		3FD3C45328041C2F0080A4C4 /* Info.plist */ = {isa = PBXFileReference; lastKnownFileType = text.plist.xml; path = Info.plist; sourceTree = "<group>"; };
		3FD3C45828041C2F0080A4C4 /* SwipeGestureUITests.xctest */ = {isa = PBXFileReference; explicitFileType = wrapper.cfbundle; includeInIndex = 0; path = SwipeGestureUITests.xctest; sourceTree = BUILT_PRODUCTS_DIR; };
		3FD3C45C28041C2F0080A4C4 /* SwipeGestureUITests.swift */ = {isa = PBXFileReference; lastKnownFileType = sourcecode.swift; path = SwipeGestureUITests.swift; sourceTree = "<group>"; };
		3FD3C45E28041C2F0080A4C4 /* Info.plist */ = {isa = PBXFileReference; lastKnownFileType = text.plist.xml; path = Info.plist; sourceTree = "<group>"; };
/* End PBXFileReference section */

/* Begin PBXFrameworksBuildPhase section */
		3FD3C43428041C240080A4C4 /* Frameworks */ = {
			isa = PBXFrameworksBuildPhase;
			buildActionMask = 2147483647;
			files = (
			);
			runOnlyForDeploymentPostprocessing = 0;
		};
		3FD3C44A28041C2F0080A4C4 /* Frameworks */ = {
			isa = PBXFrameworksBuildPhase;
			buildActionMask = 2147483647;
			files = (
			);
			runOnlyForDeploymentPostprocessing = 0;
		};
		3FD3C45528041C2F0080A4C4 /* Frameworks */ = {
			isa = PBXFrameworksBuildPhase;
			buildActionMask = 2147483647;
			files = (
			);
			runOnlyForDeploymentPostprocessing = 0;
		};
/* End PBXFrameworksBuildPhase section */

/* Begin PBXGroup section */
		3FD3C42E28041C240080A4C4 = {
			isa = PBXGroup;
			children = (
				3FD3C43928041C240080A4C4 /* SwipeGesture */,
				3FD3C45028041C2F0080A4C4 /* SwipeGestureTests */,
				3FD3C45B28041C2F0080A4C4 /* SwipeGestureUITests */,
				3FD3C43828041C240080A4C4 /* Products */,
			);
			sourceTree = "<group>";
		};
		3FD3C43828041C240080A4C4 /* Products */ = {
			isa = PBXGroup;
			children = (
				3FD3C43728041C240080A4C4 /* SwipeGesture.app */,
				3FD3C44D28041C2F0080A4C4 /* SwipeGestureTests.xctest */,
				3FD3C45828041C2F0080A4C4 /* SwipeGestureUITests.xctest */,
			);
			name = Products;
			sourceTree = "<group>";
		};
		3FD3C43928041C240080A4C4 /* SwipeGesture */ = {
			isa = PBXGroup;
			children = (
				3FD3C43A28041C240080A4C4 /* AppDelegate.swift */,
				3FD3C43C28041C250080A4C4 /* art.scnassets */,
				3FD3C43E28041C250080A4C4 /* ViewController.swift */,
				3FD3C44028041C250080A4C4 /* Main.storyboard */,
				3FD3C44328041C2E0080A4C4 /* Assets.xcassets */,
				3FD3C44528041C2E0080A4C4 /* LaunchScreen.storyboard */,
				3FD3C44828041C2E0080A4C4 /* Info.plist */,
			);
			path = SwipeGesture;
			sourceTree = "<group>";
		};
		3FD3C45028041C2F0080A4C4 /* SwipeGestureTests */ = {
			isa = PBXGroup;
			children = (
				3FD3C45128041C2F0080A4C4 /* SwipeGestureTests.swift */,
				3FD3C45328041C2F0080A4C4 /* Info.plist */,
			);
			path = SwipeGestureTests;
			sourceTree = "<group>";
		};
		3FD3C45B28041C2F0080A4C4 /* SwipeGestureUITests */ = {
			isa = PBXGroup;
			children = (
				3FD3C45C28041C2F0080A4C4 /* SwipeGestureUITests.swift */,
				3FD3C45E28041C2F0080A4C4 /* Info.plist */,
			);
			path = SwipeGestureUITests;
			sourceTree = "<group>";
		};
/* End PBXGroup section */

/* Begin PBXNativeTarget section */
		3FD3C43628041C240080A4C4 /* SwipeGesture */ = {
			isa = PBXNativeTarget;
			buildConfigurationList = 3FD3C46128041C2F0080A4C4 /* Build configuration list for PBXNativeTarget "SwipeGesture" */;
			buildPhases = (
				3FD3C43328041C240080A4C4 /* Sources */,
				3FD3C43428041C240080A4C4 /* Frameworks */,
				3FD3C43528041C240080A4C4 /* Resources */,
			);
			buildRules = (
			);
			dependencies = (
			);
			name = SwipeGesture;
			productName = SwipeGesture;
			productReference = 3FD3C43728041C240080A4C4 /* SwipeGesture.app */;
			productType = "com.apple.product-type.application";
		};
		3FD3C44C28041C2F0080A4C4 /* SwipeGestureTests */ = {
			isa = PBXNativeTarget;
			buildConfigurationList = 3FD3C46428041C2F0080A4C4 /* Build configuration list for PBXNativeTarget "SwipeGestureTests" */;
			buildPhases = (
				3FD3C44928041C2F0080A4C4 /* Sources */,
				3FD3C44A28041C2F0080A4C4 /* Frameworks */,
				3FD3C44B28041C2F0080A4C4 /* Resources */,
			);
			buildRules = (
			);
			dependencies = (
				3FD3C44F28041C2F0080A4C4 /* PBXTargetDependency */,
			);
			name = SwipeGestureTests;
			productName = SwipeGestureTests;
			productReference = 3FD3C44D28041C2F0080A4C4 /* SwipeGestureTests.xctest */;
			productType = "com.apple.product-type.bundle.unit-test";
		};
		3FD3C45728041C2F0080A4C4 /* SwipeGestureUITests */ = {
			isa = PBXNativeTarget;
			buildConfigurationList = 3FD3C46728041C2F0080A4C4 /* Build configuration list for PBXNativeTarget "SwipeGestureUITests" */;
			buildPhases = (
				3FD3C45428041C2F0080A4C4 /* Sources */,
				3FD3C45528041C2F0080A4C4 /* Frameworks */,
				3FD3C45628041C2F0080A4C4 /* Resources */,
			);
			buildRules = (
			);
			dependencies = (
				3FD3C45A28041C2F0080A4C4 /* PBXTargetDependency */,
			);
			name = SwipeGestureUITests;
			productName = SwipeGestureUITests;
			productReference = 3FD3C45828041C2F0080A4C4 /* SwipeGestureUITests.xctest */;
			productType = "com.apple.product-type.bundle.ui-testing";
		};
/* End PBXNativeTarget section */

/* Begin PBXProject section */
		3FD3C42F28041C240080A4C4 /* Project object */ = {
			isa = PBXProject;
			attributes = {
				LastSwiftUpdateCheck = 1230;
				LastUpgradeCheck = 1230;
				TargetAttributes = {
					3FD3C43628041C240080A4C4 = {
						CreatedOnToolsVersion = 12.3;
					};
					3FD3C44C28041C2F0080A4C4 = {
						CreatedOnToolsVersion = 12.3;
						TestTargetID = 3FD3C43628041C240080A4C4;
					};
					3FD3C45728041C2F0080A4C4 = {
						CreatedOnToolsVersion = 12.3;
						TestTargetID = 3FD3C43628041C240080A4C4;
					};
				};
			};
			buildConfigurationList = 3FD3C43228041C240080A4C4 /* Build configuration list for PBXProject "SwipeGesture" */;
			compatibilityVersion = "Xcode 9.3";
			developmentRegion = en;
			hasScannedForEncodings = 0;
			knownRegions = (
				en,
				Base,
			);
			mainGroup = 3FD3C42E28041C240080A4C4;
			productRefGroup = 3FD3C43828041C240080A4C4 /* Products */;
			projectDirPath = "";
			projectRoot = "";
			targets = (
				3FD3C43628041C240080A4C4 /* SwipeGesture */,
				3FD3C44C28041C2F0080A4C4 /* SwipeGestureTests */,
				3FD3C45728041C2F0080A4C4 /* SwipeGestureUITests */,
			);
		};
/* End PBXProject section */

/* Begin PBXResourcesBuildPhase section */
		3FD3C43528041C240080A4C4 /* Resources */ = {
			isa = PBXResourcesBuildPhase;
			buildActionMask = 2147483647;
			files = (
				3FD3C43D28041C250080A4C4 /* art.scnassets in Resources */,
				3FD3C44728041C2E0080A4C4 /* LaunchScreen.storyboard in Resources */,
				3FD3C44428041C2E0080A4C4 /* Assets.xcassets in Resources */,
				3FD3C44228041C250080A4C4 /* Main.storyboard in Resources */,
			);
			runOnlyForDeploymentPostprocessing = 0;
		};
		3FD3C44B28041C2F0080A4C4 /* Resources */ = {
			isa = PBXResourcesBuildPhase;
			buildActionMask = 2147483647;
			files = (
			);
			runOnlyForDeploymentPostprocessing = 0;
		};
		3FD3C45628041C2F0080A4C4 /* Resources */ = {
			isa = PBXResourcesBuildPhase;
			buildActionMask = 2147483647;
			files = (
			);
			runOnlyForDeploymentPostprocessing = 0;
		};
/* End PBXResourcesBuildPhase section */

/* Begin PBXSourcesBuildPhase section */
		3FD3C43328041C240080A4C4 /* Sources */ = {
			isa = PBXSourcesBuildPhase;
			buildActionMask = 2147483647;
			files = (
				3FD3C43F28041C250080A4C4 /* ViewController.swift in Sources */,
				3FD3C43B28041C240080A4C4 /* AppDelegate.swift in Sources */,
			);
			runOnlyForDeploymentPostprocessing = 0;
		};
		3FD3C44928041C2F0080A4C4 /* Sources */ = {
			isa = PBXSourcesBuildPhase;
			buildActionMask = 2147483647;
			files = (
				3FD3C45228041C2F0080A4C4 /* SwipeGestureTests.swift in Sources */,
			);
			runOnlyForDeploymentPostprocessing = 0;
		};
		3FD3C45428041C2F0080A4C4 /* Sources */ = {
			isa = PBXSourcesBuildPhase;
			buildActionMask = 2147483647;
			files = (
				3FD3C45D28041C2F0080A4C4 /* SwipeGestureUITests.swift in Sources */,
			);
			runOnlyForDeploymentPostprocessing = 0;
		};
/* End PBXSourcesBuildPhase section */

/* Begin PBXTargetDependency section */
		3FD3C44F28041C2F0080A4C4 /* PBXTargetDependency */ = {
			isa = PBXTargetDependency;
			target = 3FD3C43628041C240080A4C4 /* SwipeGesture */;
			targetProxy = 3FD3C44E28041C2F0080A4C4 /* PBXContainerItemProxy */;
		};
		3FD3C45A28041C2F0080A4C4 /* PBXTargetDependency */ = {
			isa = PBXTargetDependency;
			target = 3FD3C43628041C240080A4C4 /* SwipeGesture */;
			targetProxy = 3FD3C45928041C2F0080A4C4 /* PBXContainerItemProxy */;
		};
/* End PBXTargetDependency section */

/* Begin PBXVariantGroup section */
		3FD3C44028041C250080A4C4 /* Main.storyboard */ = {
			isa = PBXVariantGroup;
			children = (
				3FD3C44128041C250080A4C4 /* Base */,
			);
			name = Main.storyboard;
			sourceTree = "<group>";
		};
		3FD3C44528041C2E0080A4C4 /* LaunchScreen.storyboard */ = {
			isa = PBXVariantGroup;
			children = (
				3FD3C44628041C2E0080A4C4 /* Base */,
			);
			name = LaunchScreen.storyboard;
			sourceTree = "<group>";
		};
/* End PBXVariantGroup section */

/* Begin XCBuildConfiguration section */
		3FD3C45F28041C2F0080A4C4 /* Debug */ = {
			isa = XCBuildConfiguration;
			buildSettings = {
				ALWAYS_SEARCH_USER_PATHS = NO;
				CLANG_ANALYZER_NONNULL = YES;
				CLANG_ANALYZER_NUMBER_OBJECT_CONVERSION = YES_AGGRESSIVE;
				CLANG_CXX_LANGUAGE_STANDARD = "gnu++14";
				CLANG_CXX_LIBRARY = "libc++";
				CLANG_ENABLE_MODULES = YES;
				CLANG_ENABLE_OBJC_ARC = YES;
				CLANG_ENABLE_OBJC_WEAK = YES;
				CLANG_WARN_BLOCK_CAPTURE_AUTORELEASING = YES;
				CLANG_WARN_BOOL_CONVERSION = YES;
				CLANG_WARN_COMMA = YES;
				CLANG_WARN_CONSTANT_CONVERSION = YES;
				CLANG_WARN_DEPRECATED_OBJC_IMPLEMENTATIONS = YES;
				CLANG_WARN_DIRECT_OBJC_ISA_USAGE = YES_ERROR;
				CLANG_WARN_DOCUMENTATION_COMMENTS = YES;
				CLANG_WARN_EMPTY_BODY = YES;
				CLANG_WARN_ENUM_CONVERSION = YES;
				CLANG_WARN_INFINITE_RECURSION = YES;
				CLANG_WARN_INT_CONVERSION = YES;
				CLANG_WARN_NON_LITERAL_NULL_CONVERSION = YES;
				CLANG_WARN_OBJC_IMPLICIT_RETAIN_SELF = YES;
				CLANG_WARN_OBJC_LITERAL_CONVERSION = YES;
				CLANG_WARN_OBJC_ROOT_CLASS = YES_ERROR;
				CLANG_WARN_QUOTED_INCLUDE_IN_FRAMEWORK_HEADER = YES;
				CLANG_WARN_RANGE_LOOP_ANALYSIS = YES;
				CLANG_WARN_STRICT_PROTOTYPES = YES;
				CLANG_WARN_SUSPICIOUS_MOVE = YES;
				CLANG_WARN_UNGUARDED_AVAILABILITY = YES_AGGRESSIVE;
				CLANG_WARN_UNREACHABLE_CODE = YES;
				CLANG_WARN__DUPLICATE_METHOD_MATCH = YES;
				COPY_PHASE_STRIP = NO;
				DEBUG_INFORMATION_FORMAT = dwarf;
				ENABLE_STRICT_OBJC_MSGSEND = YES;
				ENABLE_TESTABILITY = YES;
				GCC_C_LANGUAGE_STANDARD = gnu11;
				GCC_DYNAMIC_NO_PIC = NO;
				GCC_NO_COMMON_BLOCKS = YES;
				GCC_OPTIMIZATION_LEVEL = 0;
				GCC_PREPROCESSOR_DEFINITIONS = (
					"DEBUG=1",
					"$(inherited)",
				);
				GCC_WARN_64_TO_32_BIT_CONVERSION = YES;
				GCC_WARN_ABOUT_RETURN_TYPE = YES_ERROR;
				GCC_WARN_UNDECLARED_SELECTOR = YES;
				GCC_WARN_UNINITIALIZED_AUTOS = YES_AGGRESSIVE;
				GCC_WARN_UNUSED_FUNCTION = YES;
				GCC_WARN_UNUSED_VARIABLE = YES;
				IPHONEOS_DEPLOYMENT_TARGET = 14.3;
				MTL_ENABLE_DEBUG_INFO = INCLUDE_SOURCE;
				MTL_FAST_MATH = YES;
				ONLY_ACTIVE_ARCH = YES;
				SDKROOT = iphoneos;
				SWIFT_ACTIVE_COMPILATION_CONDITIONS = DEBUG;
				SWIFT_OPTIMIZATION_LEVEL = "-Onone";
			};
			name = Debug;
		};
		3FD3C46028041C2F0080A4C4 /* Release */ = {
			isa = XCBuildConfiguration;
			buildSettings = {
				ALWAYS_SEARCH_USER_PATHS = NO;
				CLANG_ANALYZER_NONNULL = YES;
				CLANG_ANALYZER_NUMBER_OBJECT_CONVERSION = YES_AGGRESSIVE;
				CLANG_CXX_LANGUAGE_STANDARD = "gnu++14";
				CLANG_CXX_LIBRARY = "libc++";
				CLANG_ENABLE_MODULES = YES;
				CLANG_ENABLE_OBJC_ARC = YES;
				CLANG_ENABLE_OBJC_WEAK = YES;
				CLANG_WARN_BLOCK_CAPTURE_AUTORELEASING = YES;
				CLANG_WARN_BOOL_CONVERSION = YES;
				CLANG_WARN_COMMA = YES;
				CLANG_WARN_CONSTANT_CONVERSION = YES;
				CLANG_WARN_DEPRECATED_OBJC_IMPLEMENTATIONS = YES;
				CLANG_WARN_DIRECT_OBJC_ISA_USAGE = YES_ERROR;
				CLANG_WARN_DOCUMENTATION_COMMENTS = YES;
				CLANG_WARN_EMPTY_BODY = YES;
				CLANG_WARN_ENUM_CONVERSION = YES;
				CLANG_WARN_INFINITE_RECURSION = YES;
				CLANG_WARN_INT_CONVERSION = YES;
				CLANG_WARN_NON_LITERAL_NULL_CONVERSION = YES;
				CLANG_WARN_OBJC_IMPLICIT_RETAIN_SELF = YES;
				CLANG_WARN_OBJC_LITERAL_CONVERSION = YES;
				CLANG_WARN_OBJC_ROOT_CLASS = YES_ERROR;
				CLANG_WARN_QUOTED_INCLUDE_IN_FRAMEWORK_HEADER = YES;
				CLANG_WARN_RANGE_LOOP_ANALYSIS = YES;
				CLANG_WARN_STRICT_PROTOTYPES = YES;
				CLANG_WARN_SUSPICIOUS_MOVE = YES;
				CLANG_WARN_UNGUARDED_AVAILABILITY = YES_AGGRESSIVE;
				CLANG_WARN_UNREACHABLE_CODE = YES;
				CLANG_WARN__DUPLICATE_METHOD_MATCH = YES;
				COPY_PHASE_STRIP = NO;
				DEBUG_INFORMATION_FORMAT = "dwarf-with-dsym";
				ENABLE_NS_ASSERTIONS = NO;
				ENABLE_STRICT_OBJC_MSGSEND = YES;
				GCC_C_LANGUAGE_STANDARD = gnu11;
				GCC_NO_COMMON_BLOCKS = YES;
				GCC_WARN_64_TO_32_BIT_CONVERSION = YES;
				GCC_WARN_ABOUT_RETURN_TYPE = YES_ERROR;
				GCC_WARN_UNDECLARED_SELECTOR = YES;
				GCC_WARN_UNINITIALIZED_AUTOS = YES_AGGRESSIVE;
				GCC_WARN_UNUSED_FUNCTION = YES;
				GCC_WARN_UNUSED_VARIABLE = YES;
				IPHONEOS_DEPLOYMENT_TARGET = 14.3;
				MTL_ENABLE_DEBUG_INFO = NO;
				MTL_FAST_MATH = YES;
				SDKROOT = iphoneos;
				SWIFT_COMPILATION_MODE = wholemodule;
				SWIFT_OPTIMIZATION_LEVEL = "-O";
				VALIDATE_PRODUCT = YES;
			};
			name = Release;
		};
		3FD3C46228041C2F0080A4C4 /* Debug */ = {
			isa = XCBuildConfiguration;
			buildSettings = {
				ASSETCATALOG_COMPILER_APPICON_NAME = AppIcon;
				ASSETCATALOG_COMPILER_GLOBAL_ACCENT_COLOR_NAME = AccentColor;
				CODE_SIGN_STYLE = Automatic;
				INFOPLIST_FILE = SwipeGesture/Info.plist;
				LD_RUNPATH_SEARCH_PATHS = (
					"$(inherited)",
					"@executable_path/Frameworks",
				);
				PRODUCT_BUNDLE_IDENTIFIER = svvv.edu.in.SwipeGesture;
				PRODUCT_NAME = "$(TARGET_NAME)";
				SWIFT_VERSION = 5.0;
				TARGETED_DEVICE_FAMILY = "1,2";
			};
			name = Debug;
		};
		3FD3C46328041C2F0080A4C4 /* Release */ = {
			isa = XCBuildConfiguration;
			buildSettings = {
				ASSETCATALOG_COMPILER_APPICON_NAME = AppIcon;
				ASSETCATALOG_COMPILER_GLOBAL_ACCENT_COLOR_NAME = AccentColor;
				CODE_SIGN_STYLE = Automatic;
				INFOPLIST_FILE = SwipeGesture/Info.plist;
				LD_RUNPATH_SEARCH_PATHS = (
					"$(inherited)",
					"@executable_path/Frameworks",
				);
				PRODUCT_BUNDLE_IDENTIFIER = svvv.edu.in.SwipeGesture;
				PRODUCT_NAME = "$(TARGET_NAME)";
				SWIFT_VERSION = 5.0;
				TARGETED_DEVICE_FAMILY = "1,2";
			};
			name = Release;
		};
		3FD3C46528041C2F0080A4C4 /* Debug */ = {
			isa = XCBuildConfiguration;
			buildSettings = {
				ALWAYS_EMBED_SWIFT_STANDARD_LIBRARIES = YES;
				BUNDLE_LOADER = "$(TEST_HOST)";
				CODE_SIGN_STYLE = Automatic;
				INFOPLIST_FILE = SwipeGestureTests/Info.plist;
				IPHONEOS_DEPLOYMENT_TARGET = 14.3;
				LD_RUNPATH_SEARCH_PATHS = (
					"$(inherited)",
					"@executable_path/Frameworks",
					"@loader_path/Frameworks",
				);
				PRODUCT_BUNDLE_IDENTIFIER = svvv.edu.in.SwipeGestureTests;
				PRODUCT_NAME = "$(TARGET_NAME)";
				SWIFT_VERSION = 5.0;
				TARGETED_DEVICE_FAMILY = "1,2";
				TEST_HOST = "$(BUILT_PRODUCTS_DIR)/SwipeGesture.app/SwipeGesture";
			};
			name = Debug;
		};
		3FD3C46628041C2F0080A4C4 /* Release */ = {
			isa = XCBuildConfiguration;
			buildSettings = {
				ALWAYS_EMBED_SWIFT_STANDARD_LIBRARIES = YES;
				BUNDLE_LOADER = "$(TEST_HOST)";
				CODE_SIGN_STYLE = Automatic;
				INFOPLIST_FILE = SwipeGestureTests/Info.plist;
				IPHONEOS_DEPLOYMENT_TARGET = 14.3;
				LD_RUNPATH_SEARCH_PATHS = (
					"$(inherited)",
					"@executable_path/Frameworks",
					"@loader_path/Frameworks",
				);
				PRODUCT_BUNDLE_IDENTIFIER = svvv.edu.in.SwipeGestureTests;
				PRODUCT_NAME = "$(TARGET_NAME)";
				SWIFT_VERSION = 5.0;
				TARGETED_DEVICE_FAMILY = "1,2";
				TEST_HOST = "$(BUILT_PRODUCTS_DIR)/SwipeGesture.app/SwipeGesture";
			};
			name = Release;
		};
		3FD3C46828041C2F0080A4C4 /* Debug */ = {
			isa = XCBuildConfiguration;
			buildSettings = {
				ALWAYS_EMBED_SWIFT_STANDARD_LIBRARIES = YES;
				CODE_SIGN_STYLE = Automatic;
				INFOPLIST_FILE = SwipeGestureUITests/Info.plist;
				LD_RUNPATH_SEARCH_PATHS = (
					"$(inherited)",
					"@executable_path/Frameworks",
					"@loader_path/Frameworks",
				);
				PRODUCT_BUNDLE_IDENTIFIER = svvv.edu.in.SwipeGestureUITests;
				PRODUCT_NAME = "$(TARGET_NAME)";
				SWIFT_VERSION = 5.0;
				TARGETED_DEVICE_FAMILY = "1,2";
				TEST_TARGET_NAME = SwipeGesture;
			};
			name = Debug;
		};
		3FD3C46928041C2F0080A4C4 /* Release */ = {
			isa = XCBuildConfiguration;
			buildSettings = {
				ALWAYS_EMBED_SWIFT_STANDARD_LIBRARIES = YES;
				CODE_SIGN_STYLE = Automatic;
				INFOPLIST_FILE = SwipeGestureUITests/Info.plist;
				LD_RUNPATH_SEARCH_PATHS = (
					"$(inherited)",
					"@executable_path/Frameworks",
					"@loader_path/Frameworks",
				);
				PRODUCT_BUNDLE_IDENTIFIER = svvv.edu.in.SwipeGestureUITests;
				PRODUCT_NAME = "$(TARGET_NAME)";
				SWIFT_VERSION = 5.0;
				TARGETED_DEVICE_FAMILY = "1,2";
				TEST_TARGET_NAME = SwipeGesture;
			};
			name = Release;
		};
/* End XCBuildConfiguration section */

/* Begin XCConfigurationList section */
		3FD3C43228041C240080A4C4 /* Build configuration list for PBXProject "SwipeGesture" */ = {
			isa = XCConfigurationList;
			buildConfigurations = (
				3FD3C45F28041C2F0080A4C4 /* Debug */,
				3FD3C46028041C2F0080A4C4 /* Release */,
			);
			defaultConfigurationIsVisible = 0;
			defaultConfigurationName = Release;
		};
		3FD3C46128041C2F0080A4C4 /* Build configuration list for PBXNativeTarget "SwipeGesture" */ = {
			isa = XCConfigurationList;
			buildConfigurations = (
				3FD3C46228041C2F0080A4C4 /* Debug */,
				3FD3C46328041C2F0080A4C4 /* Release */,
			);
			defaultConfigurationIsVisible = 0;
			defaultConfigurationName = Release;
		};
		3FD3C46428041C2F0080A4C4 /* Build configuration list for PBXNativeTarget "SwipeGestureTests" */ = {
			isa = XCConfigurationList;
			buildConfigurations = (
				3FD3C46528041C2F0080A4C4 /* Debug */,
				3FD3C46628041C2F0080A4C4 /* Release */,
			);
			defaultConfigurationIsVisible = 0;
			defaultConfigurationName = Release;
		};
		3FD3C46728041C2F0080A4C4 /* Build configuration list for PBXNativeTarget "SwipeGestureUITests" */ = {
			isa = XCConfigurationList;
			buildConfigurations = (
				3FD3C46828041C2F0080A4C4 /* Debug */,
				3FD3C46928041C2F0080A4C4 /* Release */,
			);
			defaultConfigurationIsVisible = 0;
			defaultConfigurationName = Release;
		};
/* End XCConfigurationList section */
	};
	rootObject = 3FD3C42F28041C240080A4C4 /* Project object */;
}
